PODS:
  - HyperioniOS/AttributesInspector (1.0.2):
    - HyperioniOS/Core
  - HyperioniOS/Core (1.0.2)
  - HyperioniOS/Measurements (1.0.2):
    - HyperioniOS/Core
  - HyperioniOS/SlowAnimations (1.0.2):
    - HyperioniOS/Core

DEPENDENCIES:
  - HyperioniOS/AttributesInspector
  - HyperioniOS/Core
  - HyperioniOS/Measurements
  - HyperioniOS/SlowAnimations

SPEC CHECKSUMS:
  HyperioniOS: 2397937925b2d57ec28182ac979879b0da2658ee

PODFILE CHECKSUM: d116da2f4796cfa6373d4e2bd9692ef9b4dda47a

COCOAPODS: 1.4.0
