// !$*UTF8*$!
{
	archiveVersion = 1;
	classes = {
	};
	objectVersion = 50;
	objects = {

/* Begin PBXBuildFile section */
		3F098FEA208883FE0032D378 /* MySwiftEnvItem.swift in Sources */ = {isa = PBXBuildFile; fileRef = 3F098FE9208883FE0032D378 /* MySwiftEnvItem.swift */; };
		3F27AEB02088736D00787DBF /* AppDelegate.swift in Sources */ = {isa = PBXBuildFile; fileRef = 3F27AEAF2088736D00787DBF /* AppDelegate.swift */; };
		3F27AEB22088736D00787DBF /* ViewController.swift in Sources */ = {isa = PBXBuildFile; fileRef = 3F27AEB12088736D00787DBF /* ViewController.swift */; };
		3F27AEB52088736D00787DBF /* Main.storyboard in Resources */ = {isa = PBXBuildFile; fileRef = 3F27AEB32088736D00787DBF /* Main.storyboard */; };
		3F27AEB72088736D00787DBF /* Assets.xcassets in Resources */ = {isa = PBXBuildFile; fileRef = 3F27AEB62088736D00787DBF /* Assets.xcassets */; };
		3F27AEBA2088736D00787DBF /* LaunchScreen.storyboard in Resources */ = {isa = PBXBuildFile; fileRef = 3F27AEB82088736D00787DBF /* LaunchScreen.storyboard */; };
		3F27AEC42088742100787DBF /* MyEnvItem.m in Sources */ = {isa = PBXBuildFile; fileRef = 3F27AEC32088742100787DBF /* MyEnvItem.m */; };
		419A7E9D7F4DADC9795E436D /* Pods_HyperioniOSExtensionDemo.framework in Frameworks */ = {isa = PBXBuildFile; fileRef = F70A97C9452FCA67A538D685 /* Pods_HyperioniOSExtensionDemo.framework */; };
/* End PBXBuildFile section */

/* Begin PBXFileReference section */
		03ED1A4BBDCDC88BB11ED70E /* Pods-HyperioniOSExtensionDemo.test.xcconfig */ = {isa = PBXFileReference; includeInIndex = 1; lastKnownFileType = text.xcconfig; name = "Pods-HyperioniOSExtensionDemo.test.xcconfig"; path = "Pods/Target Support Files/Pods-HyperioniOSExtensionDemo/Pods-HyperioniOSExtensionDemo.test.xcconfig"; sourceTree = "<group>"; };
		347C94E25161C22CB2CAB49A /* Pods-HyperioniOSExtensionDemo.release.xcconfig */ = {isa = PBXFileReference; includeInIndex = 1; lastKnownFileType = text.xcconfig; name = "Pods-HyperioniOSExtensionDemo.release.xcconfig"; path = "Pods/Target Support Files/Pods-HyperioniOSExtensionDemo/Pods-HyperioniOSExtensionDemo.release.xcconfig"; sourceTree = "<group>"; };
		3F098FE9208883FE0032D378 /* MySwiftEnvItem.swift */ = {isa = PBXFileReference; lastKnownFileType = sourcecode.swift; path = MySwiftEnvItem.swift; sourceTree = "<group>"; };
		3F27AEAC2088736D00787DBF /* HyperioniOSExtensionDemo.app */ = {isa = PBXFileReference; explicitFileType = wrapper.application; includeInIndex = 0; path = HyperioniOSExtensionDemo.app; sourceTree = BUILT_PRODUCTS_DIR; };
		3F27AEAF2088736D00787DBF /* AppDelegate.swift */ = {isa = PBXFileReference; lastKnownFileType = sourcecode.swift; path = AppDelegate.swift; sourceTree = "<group>"; };
		3F27AEB12088736D00787DBF /* ViewController.swift */ = {isa = PBXFileReference; lastKnownFileType = sourcecode.swift; path = ViewController.swift; sourceTree = "<group>"; };
		3F27AEB42088736D00787DBF /* Base */ = {isa = PBXFileReference; lastKnownFileType = file.storyboard; name = Base; path = Base.lproj/Main.storyboard; sourceTree = "<group>"; };
		3F27AEB62088736D00787DBF /* Assets.xcassets */ = {isa = PBXFileReference; lastKnownFileType = folder.assetcatalog; path = Assets.xcassets; sourceTree = "<group>"; };
		3F27AEB92088736D00787DBF /* Base */ = {isa = PBXFileReference; lastKnownFileType = file.storyboard; name = Base; path = Base.lproj/LaunchScreen.storyboard; sourceTree = "<group>"; };
		3F27AEBB2088736D00787DBF /* Info.plist */ = {isa = PBXFileReference; lastKnownFileType = text.plist.xml; path = Info.plist; sourceTree = "<group>"; };
		3F27AEC12088742000787DBF /* HyperioniOSExtensionDemo-Bridging-Header.h */ = {isa = PBXFileReference; lastKnownFileType = sourcecode.c.h; path = "HyperioniOSExtensionDemo-Bridging-Header.h"; sourceTree = "<group>"; };
		3F27AEC22088742100787DBF /* MyEnvItem.h */ = {isa = PBXFileReference; fileEncoding = 4; lastKnownFileType = sourcecode.c.h; path = MyEnvItem.h; sourceTree = "<group>"; };
		3F27AEC32088742100787DBF /* MyEnvItem.m */ = {isa = PBXFileReference; fileEncoding = 4; lastKnownFileType = sourcecode.c.objc; path = MyEnvItem.m; sourceTree = "<group>"; };
		E784956103B0955D0712C96C /* Pods-HyperioniOSExtensionDemo.debug.xcconfig */ = {isa = PBXFileReference; includeInIndex = 1; lastKnownFileType = text.xcconfig; name = "Pods-HyperioniOSExtensionDemo.debug.xcconfig"; path = "Pods/Target Support Files/Pods-HyperioniOSExtensionDemo/Pods-HyperioniOSExtensionDemo.debug.xcconfig"; sourceTree = "<group>"; };
		F70A97C9452FCA67A538D685 /* Pods_HyperioniOSExtensionDemo.framework */ = {isa = PBXFileReference; explicitFileType = wrapper.framework; includeInIndex = 0; path = Pods_HyperioniOSExtensionDemo.framework; sourceTree = BUILT_PRODUCTS_DIR; };
/* End PBXFileReference section */

/* Begin PBXFrameworksBuildPhase section */
		3F27AEA92088736D00787DBF /* Frameworks */ = {
			isa = PBXFrameworksBuildPhase;
			buildActionMask = 2147483647;
			files = (
				419A7E9D7F4DADC9795E436D /* Pods_HyperioniOSExtensionDemo.framework in Frameworks */,
			);
			runOnlyForDeploymentPostprocessing = 0;
		};
/* End PBXFrameworksBuildPhase section */

/* Begin PBXGroup section */
		3F27AEA32088736D00787DBF = {
			isa = PBXGroup;
			children = (
				3F27AEAE2088736D00787DBF /* HyperioniOSExtensionDemo */,
				3F27AEAD2088736D00787DBF /* Products */,
				EC608F6915451B4B3923D118 /* Pods */,
				DAE09DDAAD8727FAFF9E8D12 /* Frameworks */,
			);
			sourceTree = "<group>";
		};
		3F27AEAD2088736D00787DBF /* Products */ = {
			isa = PBXGroup;
			children = (
				3F27AEAC2088736D00787DBF /* HyperioniOSExtensionDemo.app */,
			);
			name = Products;
			sourceTree = "<group>";
		};
		3F27AEAE2088736D00787DBF /* HyperioniOSExtensionDemo */ = {
			isa = PBXGroup;
			children = (
				3F27AEAF2088736D00787DBF /* AppDelegate.swift */,
				3F27AEB12088736D00787DBF /* ViewController.swift */,
				3F27AEC22088742100787DBF /* MyEnvItem.h */,
				3F098FE9208883FE0032D378 /* MySwiftEnvItem.swift */,
				3F27AEC32088742100787DBF /* MyEnvItem.m */,
				3F27AEB32088736D00787DBF /* Main.storyboard */,
				3F27AEB62088736D00787DBF /* Assets.xcassets */,
				3F27AEB82088736D00787DBF /* LaunchScreen.storyboard */,
				3F27AEBB2088736D00787DBF /* Info.plist */,
				3F27AEC12088742000787DBF /* HyperioniOSExtensionDemo-Bridging-Header.h */,
			);
			path = HyperioniOSExtensionDemo;
			sourceTree = "<group>";
		};
		DAE09DDAAD8727FAFF9E8D12 /* Frameworks */ = {
			isa = PBXGroup;
			children = (
				F70A97C9452FCA67A538D685 /* Pods_HyperioniOSExtensionDemo.framework */,
			);
			name = Frameworks;
			sourceTree = "<group>";
		};
		EC608F6915451B4B3923D118 /* Pods */ = {
			isa = PBXGroup;
			children = (
				E784956103B0955D0712C96C /* Pods-HyperioniOSExtensionDemo.debug.xcconfig */,
				347C94E25161C22CB2CAB49A /* Pods-HyperioniOSExtensionDemo.release.xcconfig */,
				03ED1A4BBDCDC88BB11ED70E /* Pods-HyperioniOSExtensionDemo.test.xcconfig */,
			);
			name = Pods;
			sourceTree = "<group>";
		};
/* End PBXGroup section */

/* Begin PBXNativeTarget section */
		3F27AEAB2088736D00787DBF /* HyperioniOSExtensionDemo */ = {
			isa = PBXNativeTarget;
			buildConfigurationList = 3F27AEBE2088736D00787DBF /* Build configuration list for PBXNativeTarget "HyperioniOSExtensionDemo" */;
			buildPhases = (
				E876F1DD118B9E4ECDB8B66A /* [CP] Check Pods Manifest.lock */,
				3F27AEA82088736D00787DBF /* Sources */,
				3F27AEA92088736D00787DBF /* Frameworks */,
				3F27AEAA2088736D00787DBF /* Resources */,
				047B9D2331A26ED6562A1351 /* [CP] Embed Pods Frameworks */,
			);
			buildRules = (
			);
			dependencies = (
			);
			name = HyperioniOSExtensionDemo;
			productName = HyperioniOSExtensionDemo;
			productReference = 3F27AEAC2088736D00787DBF /* HyperioniOSExtensionDemo.app */;
			productType = "com.apple.product-type.application";
		};
/* End PBXNativeTarget section */

/* Begin PBXProject section */
		3F27AEA42088736D00787DBF /* Project object */ = {
			isa = PBXProject;
			attributes = {
				LastSwiftUpdateCheck = 0930;
				LastUpgradeCheck = 0930;
				ORGANIZATIONNAME = TBD;
				TargetAttributes = {
					3F27AEAB2088736D00787DBF = {
						CreatedOnToolsVersion = 9.3;
						LastSwiftMigration = 0930;
					};
				};
			};
			buildConfigurationList = 3F27AEA72088736D00787DBF /* Build configuration list for PBXProject "HyperioniOSExtensionDemo" */;
			compatibilityVersion = "Xcode 9.3";
			developmentRegion = en;
			hasScannedForEncodings = 0;
			knownRegions = (
				en,
				Base,
			);
			mainGroup = 3F27AEA32088736D00787DBF;
			productRefGroup = 3F27AEAD2088736D00787DBF /* Products */;
			projectDirPath = "";
			projectRoot = "";
			targets = (
				3F27AEAB2088736D00787DBF /* HyperioniOSExtensionDemo */,
			);
		};
/* End PBXProject section */

/* Begin PBXResourcesBuildPhase section */
		3F27AEAA2088736D00787DBF /* Resources */ = {
			isa = PBXResourcesBuildPhase;
			buildActionMask = 2147483647;
			files = (
				3F27AEBA2088736D00787DBF /* LaunchScreen.storyboard in Resources */,
				3F27AEB72088736D00787DBF /* Assets.xcassets in Resources */,
				3F27AEB52088736D00787DBF /* Main.storyboard in Resources */,
			);
			runOnlyForDeploymentPostprocessing = 0;
		};
/* End PBXResourcesBuildPhase section */

/* Begin PBXShellScriptBuildPhase section */
		047B9D2331A26ED6562A1351 /* [CP] Embed Pods Frameworks */ = {
			isa = PBXShellScriptBuildPhase;
			buildActionMask = 2147483647;
			files = (
			);
			inputPaths = (
				"${SRCROOT}/Pods/Target Support Files/Pods-HyperioniOSExtensionDemo/Pods-HyperioniOSExtensionDemo-frameworks.sh",
				"${BUILT_PRODUCTS_DIR}/HyperioniOS/HyperioniOS.framework",
				"${BUILT_PRODUCTS_DIR}/HyperioniOSExtension/HyperioniOSExtension.framework",
			);
			name = "[CP] Embed Pods Frameworks";
			outputPaths = (
				"${TARGET_BUILD_DIR}/${FRAMEWORKS_FOLDER_PATH}/HyperioniOS.framework",
				"${TARGET_BUILD_DIR}/${FRAMEWORKS_FOLDER_PATH}/HyperioniOSExtension.framework",
			);
			runOnlyForDeploymentPostprocessing = 0;
			shellPath = /bin/sh;
			shellScript = "\"${SRCROOT}/Pods/Target Support Files/Pods-HyperioniOSExtensionDemo/Pods-HyperioniOSExtensionDemo-frameworks.sh\"\n";
			showEnvVarsInLog = 0;
		};
		E876F1DD118B9E4ECDB8B66A /* [CP] Check Pods Manifest.lock */ = {
			isa = PBXShellScriptBuildPhase;
			buildActionMask = 2147483647;
			files = (
			);
			inputPaths = (
				"${PODS_PODFILE_DIR_PATH}/Podfile.lock",
				"${PODS_ROOT}/Manifest.lock",
			);
			name = "[CP] Check Pods Manifest.lock";
			outputPaths = (
				"$(DERIVED_FILE_DIR)/Pods-HyperioniOSExtensionDemo-checkManifestLockResult.txt",
			);
			runOnlyForDeploymentPostprocessing = 0;
			shellPath = /bin/sh;
			shellScript = "diff \"${PODS_PODFILE_DIR_PATH}/Podfile.lock\" \"${PODS_ROOT}/Manifest.lock\" > /dev/null\nif [ $? != 0 ] ; then\n    # print error to STDERR\n    echo \"error: The sandbox is not in sync with the Podfile.lock. Run 'pod install' or update your CocoaPods installation.\" >&2\n    exit 1\nfi\n# This output is used by Xcode 'outputs' to avoid re-running this script phase.\necho \"SUCCESS\" > \"${SCRIPT_OUTPUT_FILE_0}\"\n";
			showEnvVarsInLog = 0;
		};
/* End PBXShellScriptBuildPhase section */

/* Begin PBXSourcesBuildPhase section */
		3F27AEA82088736D00787DBF /* Sources */ = {
			isa = PBXSourcesBuildPhase;
			buildActionMask = 2147483647;
			files = (
				3F27AEB22088736D00787DBF /* ViewController.swift in Sources */,
				3F27AEC42088742100787DBF /* MyEnvItem.m in Sources */,
				3F098FEA208883FE0032D378 /* MySwiftEnvItem.swift in Sources */,
				3F27AEB02088736D00787DBF /* AppDelegate.swift in Sources */,
			);
			runOnlyForDeploymentPostprocessing = 0;
		};
/* End PBXSourcesBuildPhase section */

/* Begin PBXVariantGroup section */
		3F27AEB32088736D00787DBF /* Main.storyboard */ = {
			isa = PBXVariantGroup;
			children = (
				3F27AEB42088736D00787DBF /* Base */,
			);
			name = Main.storyboard;
			sourceTree = "<group>";
		};
		3F27AEB82088736D00787DBF /* LaunchScreen.storyboard */ = {
			isa = PBXVariantGroup;
			children = (
				3F27AEB92088736D00787DBF /* Base */,
			);
			name = LaunchScreen.storyboard;
			sourceTree = "<group>";
		};
/* End PBXVariantGroup section */

/* Begin XCBuildConfiguration section */
		3F27AEBC2088736D00787DBF /* Debug */ = {
			isa = XCBuildConfiguration;
			buildSettings = {
				ALWAYS_SEARCH_USER_PATHS = NO;
				CLANG_ANALYZER_NONNULL = YES;
				CLANG_ANALYZER_NUMBER_OBJECT_CONVERSION = YES_AGGRESSIVE;
				CLANG_CXX_LANGUAGE_STANDARD = "gnu++14";
				CLANG_CXX_LIBRARY = "libc++";
				CLANG_ENABLE_MODULES = YES;
				CLANG_ENABLE_OBJC_ARC = YES;
				CLANG_ENABLE_OBJC_WEAK = YES;
				CLANG_WARN_BLOCK_CAPTURE_AUTORELEASING = YES;
				CLANG_WARN_BOOL_CONVERSION = YES;
				CLANG_WARN_COMMA = YES;
				CLANG_WARN_CONSTANT_CONVERSION = YES;
				CLANG_WARN_DEPRECATED_OBJC_IMPLEMENTATIONS = YES;
				CLANG_WARN_DIRECT_OBJC_ISA_USAGE = YES_ERROR;
				CLANG_WARN_DOCUMENTATION_COMMENTS = YES;
				CLANG_WARN_EMPTY_BODY = YES;
				CLANG_WARN_ENUM_CONVERSION = YES;
				CLANG_WARN_INFINITE_RECURSION = YES;
				CLANG_WARN_INT_CONVERSION = YES;
				CLANG_WARN_NON_LITERAL_NULL_CONVERSION = YES;
				CLANG_WARN_OBJC_IMPLICIT_RETAIN_SELF = YES;
				CLANG_WARN_OBJC_LITERAL_CONVERSION = YES;
				CLANG_WARN_OBJC_ROOT_CLASS = YES_ERROR;
				CLANG_WARN_RANGE_LOOP_ANALYSIS = YES;
				CLANG_WARN_STRICT_PROTOTYPES = YES;
				CLANG_WARN_SUSPICIOUS_MOVE = YES;
				CLANG_WARN_UNGUARDED_AVAILABILITY = YES_AGGRESSIVE;
				CLANG_WARN_UNREACHABLE_CODE = YES;
				CLANG_WARN__DUPLICATE_METHOD_MATCH = YES;
				CODE_SIGN_IDENTITY = "iPhone Developer";
				COPY_PHASE_STRIP = NO;
				DEBUG_INFORMATION_FORMAT = dwarf;
				ENABLE_STRICT_OBJC_MSGSEND = YES;
				ENABLE_TESTABILITY = YES;
				GCC_C_LANGUAGE_STANDARD = gnu11;
				GCC_DYNAMIC_NO_PIC = NO;
				GCC_NO_COMMON_BLOCKS = YES;
				GCC_OPTIMIZATION_LEVEL = 0;
				GCC_PREPROCESSOR_DEFINITIONS = (
					"DEBUG=1",
					"CUSTOM_DEBUG=1",
					"$(inherited)",
				);
				GCC_WARN_64_TO_32_BIT_CONVERSION = YES;
				GCC_WARN_ABOUT_RETURN_TYPE = YES_ERROR;
				GCC_WARN_UNDECLARED_SELECTOR = YES;
				GCC_WARN_UNINITIALIZED_AUTOS = YES_AGGRESSIVE;
				GCC_WARN_UNUSED_FUNCTION = YES;
				GCC_WARN_UNUSED_VARIABLE = YES;
				IPHONEOS_DEPLOYMENT_TARGET = 11.3;
				MTL_ENABLE_DEBUG_INFO = YES;
				ONLY_ACTIVE_ARCH = YES;
				OTHER_SWIFT_FLAGS = "-D DEBUG -D CUSTOM_DEBUG";
				SDKROOT = iphoneos;
				SWIFT_ACTIVE_COMPILATION_CONDITIONS = DEBUG;
				SWIFT_OPTIMIZATION_LEVEL = "-Onone";
			};
			name = Debug;
		};
		3F27AEBD2088736D00787DBF /* Release */ = {
			isa = XCBuildConfiguration;
			buildSettings = {
				ALWAYS_SEARCH_USER_PATHS = NO;
				CLANG_ANALYZER_NONNULL = YES;
				CLANG_ANALYZER_NUMBER_OBJECT_CONVERSION = YES_AGGRESSIVE;
				CLANG_CXX_LANGUAGE_STANDARD = "gnu++14";
				CLANG_CXX_LIBRARY = "libc++";
				CLANG_ENABLE_MODULES = YES;
				CLANG_ENABLE_OBJC_ARC = YES;
				CLANG_ENABLE_OBJC_WEAK = YES;
				CLANG_WARN_BLOCK_CAPTURE_AUTORELEASING = YES;
				CLANG_WARN_BOOL_CONVERSION = YES;
				CLANG_WARN_COMMA = YES;
				CLANG_WARN_CONSTANT_CONVERSION = YES;
				CLANG_WARN_DEPRECATED_OBJC_IMPLEMENTATIONS = YES;
				CLANG_WARN_DIRECT_OBJC_ISA_USAGE = YES_ERROR;
				CLANG_WARN_DOCUMENTATION_COMMENTS = YES;
				CLANG_WARN_EMPTY_BODY = YES;
				CLANG_WARN_ENUM_CONVERSION = YES;
				CLANG_WARN_INFINITE_RECURSION = YES;
				CLANG_WARN_INT_CONVERSION = YES;
				CLANG_WARN_NON_LITERAL_NULL_CONVERSION = YES;
				CLANG_WARN_OBJC_IMPLICIT_RETAIN_SELF = YES;
				CLANG_WARN_OBJC_LITERAL_CONVERSION = YES;
				CLANG_WARN_OBJC_ROOT_CLASS = YES_ERROR;
				CLANG_WARN_RANGE_LOOP_ANALYSIS = YES;
				CLANG_WARN_STRICT_PROTOTYPES = YES;
				CLANG_WARN_SUSPICIOUS_MOVE = YES;
				CLANG_WARN_UNGUARDED_AVAILABILITY = YES_AGGRESSIVE;
				CLANG_WARN_UNREACHABLE_CODE = YES;
				CLANG_WARN__DUPLICATE_METHOD_MATCH = YES;
				CODE_SIGN_IDENTITY = "iPhone Developer";
				COPY_PHASE_STRIP = NO;
				DEBUG_INFORMATION_FORMAT = "dwarf-with-dsym";
				ENABLE_NS_ASSERTIONS = NO;
				ENABLE_STRICT_OBJC_MSGSEND = YES;
				GCC_C_LANGUAGE_STANDARD = gnu11;
				GCC_NO_COMMON_BLOCKS = YES;
				GCC_WARN_64_TO_32_BIT_CONVERSION = YES;
				GCC_WARN_ABOUT_RETURN_TYPE = YES_ERROR;
				GCC_WARN_UNDECLARED_SELECTOR = YES;
				GCC_WARN_UNINITIALIZED_AUTOS = YES_AGGRESSIVE;
				GCC_WARN_UNUSED_FUNCTION = YES;
				GCC_WARN_UNUSED_VARIABLE = YES;
				IPHONEOS_DEPLOYMENT_TARGET = 11.3;
				MTL_ENABLE_DEBUG_INFO = NO;
				SDKROOT = iphoneos;
				SWIFT_COMPILATION_MODE = wholemodule;
				SWIFT_OPTIMIZATION_LEVEL = "-O";
				VALIDATE_PRODUCT = YES;
			};
			name = Release;
		};
		3F27AEBF2088736D00787DBF /* Debug */ = {
			isa = XCBuildConfiguration;
			baseConfigurationReference = E784956103B0955D0712C96C /* Pods-HyperioniOSExtensionDemo.debug.xcconfig */;
			buildSettings = {
				ASSETCATALOG_COMPILER_APPICON_NAME = AppIcon;
				CLANG_ENABLE_MODULES = YES;
				CODE_SIGN_STYLE = Automatic;
				DEVELOPMENT_TEAM = TS9WTSBK78;
				INFOPLIST_FILE = HyperioniOSExtensionDemo/Info.plist;
				LD_RUNPATH_SEARCH_PATHS = (
					"$(inherited)",
					"@executable_path/Frameworks",
				);
				PRODUCT_BUNDLE_IDENTIFIER = tbd.tech.HyperioniOSExtensionDemo;
				PRODUCT_NAME = "$(TARGET_NAME)";
				SWIFT_OBJC_BRIDGING_HEADER = "HyperioniOSExtensionDemo/HyperioniOSExtensionDemo-Bridging-Header.h";
				SWIFT_OPTIMIZATION_LEVEL = "-Onone";
				SWIFT_VERSION = 4.0;
				TARGETED_DEVICE_FAMILY = "1,2";
			};
			name = Debug;
		};
		3F27AEC02088736D00787DBF /* Release */ = {
			isa = XCBuildConfiguration;
			baseConfigurationReference = 347C94E25161C22CB2CAB49A /* Pods-HyperioniOSExtensionDemo.release.xcconfig */;
			buildSettings = {
				ASSETCATALOG_COMPILER_APPICON_NAME = AppIcon;
				CLANG_ENABLE_MODULES = YES;
				CODE_SIGN_STYLE = Automatic;
				DEVELOPMENT_TEAM = TS9WTSBK78;
				INFOPLIST_FILE = HyperioniOSExtensionDemo/Info.plist;
				LD_RUNPATH_SEARCH_PATHS = (
					"$(inherited)",
					"@executable_path/Frameworks",
				);
				PRODUCT_BUNDLE_IDENTIFIER = tbd.tech.HyperioniOSExtensionDemo;
				PRODUCT_NAME = "$(TARGET_NAME)";
				SWIFT_OBJC_BRIDGING_HEADER = "HyperioniOSExtensionDemo/HyperioniOSExtensionDemo-Bridging-Header.h";
				SWIFT_VERSION = 4.0;
				TARGETED_DEVICE_FAMILY = "1,2";
			};
			name = Release;
		};
		3F27AEC5208877EE00787DBF /* Test */ = {
			isa = XCBuildConfiguration;
			buildSettings = {
				ALWAYS_SEARCH_USER_PATHS = NO;
				CLANG_ANALYZER_NONNULL = YES;
				CLANG_ANALYZER_NUMBER_OBJECT_CONVERSION = YES_AGGRESSIVE;
				CLANG_CXX_LANGUAGE_STANDARD = "gnu++14";
				CLANG_CXX_LIBRARY = "libc++";
				CLANG_ENABLE_MODULES = YES;
				CLANG_ENABLE_OBJC_ARC = YES;
				CLANG_ENABLE_OBJC_WEAK = YES;
				CLANG_WARN_BLOCK_CAPTURE_AUTORELEASING = YES;
				CLANG_WARN_BOOL_CONVERSION = YES;
				CLANG_WARN_COMMA = YES;
				CLANG_WARN_CONSTANT_CONVERSION = YES;
				CLANG_WARN_DEPRECATED_OBJC_IMPLEMENTATIONS = YES;
				CLANG_WARN_DIRECT_OBJC_ISA_USAGE = YES_ERROR;
				CLANG_WARN_DOCUMENTATION_COMMENTS = YES;
				CLANG_WARN_EMPTY_BODY = YES;
				CLANG_WARN_ENUM_CONVERSION = YES;
				CLANG_WARN_INFINITE_RECURSION = YES;
				CLANG_WARN_INT_CONVERSION = YES;
				CLANG_WARN_NON_LITERAL_NULL_CONVERSION = YES;
				CLANG_WARN_OBJC_IMPLICIT_RETAIN_SELF = YES;
				CLANG_WARN_OBJC_LITERAL_CONVERSION = YES;
				CLANG_WARN_OBJC_ROOT_CLASS = YES_ERROR;
				CLANG_WARN_RANGE_LOOP_ANALYSIS = YES;
				CLANG_WARN_STRICT_PROTOTYPES = YES;
				CLANG_WARN_SUSPICIOUS_MOVE = YES;
				CLANG_WARN_UNGUARDED_AVAILABILITY = YES_AGGRESSIVE;
				CLANG_WARN_UNREACHABLE_CODE = YES;
				CLANG_WARN__DUPLICATE_METHOD_MATCH = YES;
				CODE_SIGN_IDENTITY = "iPhone Developer";
				COPY_PHASE_STRIP = NO;
				DEBUG_INFORMATION_FORMAT = "dwarf-with-dsym";
				ENABLE_NS_ASSERTIONS = NO;
				ENABLE_STRICT_OBJC_MSGSEND = YES;
				GCC_C_LANGUAGE_STANDARD = gnu11;
				GCC_NO_COMMON_BLOCKS = YES;
				GCC_PREPROCESSOR_DEFINITIONS = (
					"DEBUG=1",
					"CUSTOM_DEBUG=1",
				);
				GCC_WARN_64_TO_32_BIT_CONVERSION = YES;
				GCC_WARN_ABOUT_RETURN_TYPE = YES_ERROR;
				GCC_WARN_UNDECLARED_SELECTOR = YES;
				GCC_WARN_UNINITIALIZED_AUTOS = YES_AGGRESSIVE;
				GCC_WARN_UNUSED_FUNCTION = YES;
				GCC_WARN_UNUSED_VARIABLE = YES;
				IPHONEOS_DEPLOYMENT_TARGET = 11.3;
				MTL_ENABLE_DEBUG_INFO = NO;
				OTHER_SWIFT_FLAGS = "-D DEBUG -D CUSTOM_DEBUG";
				SDKROOT = iphoneos;
				SWIFT_COMPILATION_MODE = wholemodule;
				SWIFT_OPTIMIZATION_LEVEL = "-O";
				VALIDATE_PRODUCT = YES;
			};
			name = Test;
		};
		3F27AEC6208877EE00787DBF /* Test */ = {
			isa = XCBuildConfiguration;
			baseConfigurationReference = 03ED1A4BBDCDC88BB11ED70E /* Pods-HyperioniOSExtensionDemo.test.xcconfig */;
			buildSettings = {
				ASSETCATALOG_COMPILER_APPICON_NAME = AppIcon;
				CLANG_ENABLE_MODULES = YES;
				CODE_SIGN_STYLE = Automatic;
				DEVELOPMENT_TEAM = TS9WTSBK78;
				INFOPLIST_FILE = HyperioniOSExtensionDemo/Info.plist;
				LD_RUNPATH_SEARCH_PATHS = (
					"$(inherited)",
					"@executable_path/Frameworks",
				);
				PRODUCT_BUNDLE_IDENTIFIER = tbd.tech.HyperioniOSExtensionDemo;
				PRODUCT_NAME = "$(TARGET_NAME)";
				SWIFT_OBJC_BRIDGING_HEADER = "HyperioniOSExtensionDemo/HyperioniOSExtensionDemo-Bridging-Header.h";
				SWIFT_VERSION = 4.0;
				TARGETED_DEVICE_FAMILY = "1,2";
			};
			name = Test;
		};
/* End XCBuildConfiguration section */

/* Begin XCConfigurationList section */
		3F27AEA72088736D00787DBF /* Build configuration list for PBXProject "HyperioniOSExtensionDemo" */ = {
			isa = XCConfigurationList;
			buildConfigurations = (
				3F27AEBC2088736D00787DBF /* Debug */,
				3F27AEBD2088736D00787DBF /* Release */,
				3F27AEC5208877EE00787DBF /* Test */,
			);
			defaultConfigurationIsVisible = 0;
			defaultConfigurationName = Test;
		};
		3F27AEBE2088736D00787DBF /* Build configuration list for PBXNativeTarget "HyperioniOSExtensionDemo" */ = {
			isa = XCConfigurationList;
			buildConfigurations = (
				3F27AEBF2088736D00787DBF /* Debug */,
				3F27AEC02088736D00787DBF /* Release */,
				3F27AEC6208877EE00787DBF /* Test */,
			);
			defaultConfigurationIsVisible = 0;
			defaultConfigurationName = Test;
		};
/* End XCConfigurationList section */
	};
	rootObject = 3F27AEA42088736D00787DBF /* Project object */;
}
