// !$*UTF8*$!
{
	archiveVersion = 1;
	classes = {
	};
	objectVersion = 50;
	objects = {

/* Begin PBXBuildFile section */
		3F14AFA02085C88500CE4EE5 /* HYPUIMainThreadChecker.h in Headers */ = {isa = PBXBuildFile; fileRef = 3F14AF9E2085C88500CE4EE5 /* HYPUIMainThreadChecker.h */; settings = {ATTRIBUTES = (Public, ); }; };
		3F14AFA32085C88500CE4EE5 /* HYPUIMainThreadChecker.framework in Frameworks */ = {isa = PBXBuildFile; fileRef = 3F14AF9C2085C88500CE4EE5 /* HYPUIMainThreadChecker.framework */; };
		3F14AFA42085C88500CE4EE5 /* HYPUIMainThreadChecker.framework in Embed Frameworks */ = {isa = PBXBuildFile; fileRef = 3F14AF9C2085C88500CE4EE5 /* HYPUIMainThreadChecker.framework */; settings = {ATTRIBUTES = (CodeSignOnCopy, RemoveHeadersOnCopy, ); }; };
		3F14AFA82085C89A00CE4EE5 /* UIView+HYPUIMainThreadChecker.m in Sources */ = {isa = PBXBuildFile; fileRef = 3F14AF8D2085982800CE4EE5 /* UIView+HYPUIMainThreadChecker.m */; };
		3F14AFA92085C89A00CE4EE5 /* HYPUIMainThreadCheckerPluginModule.m in Sources */ = {isa = PBXBuildFile; fileRef = 3F14AF89208597A800CE4EE5 /* HYPUIMainThreadCheckerPluginModule.m */; };
		3F14AFAA2085C89A00CE4EE5 /* HYPUIMainThreadCheckerPlugin.m in Sources */ = {isa = PBXBuildFile; fileRef = 3F14AF852085977900CE4EE5 /* HYPUIMainThreadCheckerPlugin.m */; };
		3F14AFAB2085C9D900CE4EE5 /* HYPUIMainThreadCheckerPlugin.h in Headers */ = {isa = PBXBuildFile; fileRef = 3F14AF842085977900CE4EE5 /* HYPUIMainThreadCheckerPlugin.h */; settings = {ATTRIBUTES = (Public, ); }; };
		3F14AFAC2085C9DC00CE4EE5 /* HYPUIMainThreadCheckerPluginModule.h in Headers */ = {isa = PBXBuildFile; fileRef = 3F14AF88208597A800CE4EE5 /* HYPUIMainThreadCheckerPluginModule.h */; settings = {ATTRIBUTES = (Public, ); }; };
		3F14AFAD2085C9E000CE4EE5 /* UIView+HYPUIMainThreadChecker.h in Headers */ = {isa = PBXBuildFile; fileRef = 3F14AF8C2085982800CE4EE5 /* UIView+HYPUIMainThreadChecker.h */; settings = {ATTRIBUTES = (Public, ); }; };
		3F55CEDF2085CAA500B1960F /* mainThreadCheck.png in Resources */ = {isa = PBXBuildFile; fileRef = 3F14AF9120859BCB00CE4EE5 /* mainThreadCheck.png */; };
		3F55CEE02085CAA500B1960F /* mainThreadCheck@2x.png in Resources */ = {isa = PBXBuildFile; fileRef = 3F14AF9220859BCB00CE4EE5 /* mainThreadCheck@2x.png */; };
		3F55CEE12085CAA500B1960F /* mainThreadCheck@3x.png in Resources */ = {isa = PBXBuildFile; fileRef = 3F14AF9320859BCB00CE4EE5 /* mainThreadCheck@3x.png */; };
		3F55CEE72085D88500B1960F /* MyEnvItem.m in Sources */ = {isa = PBXBuildFile; fileRef = 3F55CEE62085D88500B1960F /* MyEnvItem.m */; };
		3F886656207F735A009760E3 /* HYPEnvironmentItemManage.m in Sources */ = {isa = PBXBuildFile; fileRef = 3F88664E207F7359009760E3 /* HYPEnvironmentItemManage.m */; };
		3F886659207F735A009760E3 /* HYPEnvironmentSelectorPluginModule.m in Sources */ = {isa = PBXBuildFile; fileRef = 3F886651207F7359009760E3 /* HYPEnvironmentSelectorPluginModule.m */; };
		3F88665A207F735A009760E3 /* HYPEnvironmentSelectorPlugin.m in Sources */ = {isa = PBXBuildFile; fileRef = 3F886652207F7359009760E3 /* HYPEnvironmentSelectorPlugin.m */; };
		3F886660207F7366009760E3 /* env.png in Resources */ = {isa = PBXBuildFile; fileRef = 3F88665D207F7366009760E3 /* env.png */; };
		3F886661207F7366009760E3 /* env@2x.png in Resources */ = {isa = PBXBuildFile; fileRef = 3F88665E207F7366009760E3 /* env@2x.png */; };
		3F886662207F7366009760E3 /* env@3x.png in Resources */ = {isa = PBXBuildFile; fileRef = 3F88665F207F7366009760E3 /* env@3x.png */; };
		3F886684207F7388009760E3 /* AppDelegate.swift in Sources */ = {isa = PBXBuildFile; fileRef = 3F886683207F7388009760E3 /* AppDelegate.swift */; };
		3F886686207F7388009760E3 /* ViewController.swift in Sources */ = {isa = PBXBuildFile; fileRef = 3F886685207F7388009760E3 /* ViewController.swift */; };
		3F886689207F7388009760E3 /* Main.storyboard in Resources */ = {isa = PBXBuildFile; fileRef = 3F886687207F7388009760E3 /* Main.storyboard */; };
		3F88668B207F7389009760E3 /* Assets.xcassets in Resources */ = {isa = PBXBuildFile; fileRef = 3F88668A207F7389009760E3 /* Assets.xcassets */; };
		3F88668E207F7389009760E3 /* LaunchScreen.storyboard in Resources */ = {isa = PBXBuildFile; fileRef = 3F88668C207F7389009760E3 /* LaunchScreen.storyboard */; };
		3FA20F292084402C008B1402 /* HYPFPSMonitor.h in Headers */ = {isa = PBXBuildFile; fileRef = 3FA20F272084402C008B1402 /* HYPFPSMonitor.h */; settings = {ATTRIBUTES = (Public, ); }; };
		3FA20F2C2084402C008B1402 /* HYPFPSMonitor.framework in Frameworks */ = {isa = PBXBuildFile; fileRef = 3FA20F252084402C008B1402 /* HYPFPSMonitor.framework */; };
		3FA20F2D2084402C008B1402 /* HYPFPSMonitor.framework in Embed Frameworks */ = {isa = PBXBuildFile; fileRef = 3FA20F252084402C008B1402 /* HYPFPSMonitor.framework */; settings = {ATTRIBUTES = (CodeSignOnCopy, RemoveHeadersOnCopy, ); }; };
		3FA20F3320844062008B1402 /* HYPFPSMonitorPlugin.h in Headers */ = {isa = PBXBuildFile; fileRef = 3FA20F3120844062008B1402 /* HYPFPSMonitorPlugin.h */; settings = {ATTRIBUTES = (Public, ); }; };
		3FA20F3420844062008B1402 /* HYPFPSMonitorPlugin.m in Sources */ = {isa = PBXBuildFile; fileRef = 3FA20F3220844062008B1402 /* HYPFPSMonitorPlugin.m */; };
		3FA20F3720844731008B1402 /* HYPFPSMonitorPluginModule.h in Headers */ = {isa = PBXBuildFile; fileRef = 3FA20F3520844731008B1402 /* HYPFPSMonitorPluginModule.h */; settings = {ATTRIBUTES = (Public, ); }; };
		3FA20F3820844731008B1402 /* HYPFPSMonitorPluginModule.m in Sources */ = {isa = PBXBuildFile; fileRef = 3FA20F3620844731008B1402 /* HYPFPSMonitorPluginModule.m */; };
		3FA20F4120844900008B1402 /* fpsMonitor.png in Resources */ = {isa = PBXBuildFile; fileRef = 3FA20F3E20844900008B1402 /* fpsMonitor.png */; };
		3FA20F4220844900008B1402 /* fpsMonitor@2x.png in Resources */ = {isa = PBXBuildFile; fileRef = 3FA20F3F20844900008B1402 /* fpsMonitor@2x.png */; };
		3FA20F4320844900008B1402 /* fpsMonitor@3x.png in Resources */ = {isa = PBXBuildFile; fileRef = 3FA20F4020844900008B1402 /* fpsMonitor@3x.png */; };
		3FA20F4620844D8F008B1402 /* HYPFPSMonitorManager.h in Headers */ = {isa = PBXBuildFile; fileRef = 3FA20F4420844D8F008B1402 /* HYPFPSMonitorManager.h */; settings = {ATTRIBUTES = (Public, ); }; };
		3FA20F4720844D8F008B1402 /* HYPFPSMonitorManager.m in Sources */ = {isa = PBXBuildFile; fileRef = 3FA20F4520844D8F008B1402 /* HYPFPSMonitorManager.m */; };
		3FA8F1BA20803B500015BEE0 /* HYPEnvironmentSelectorViewController.m in Sources */ = {isa = PBXBuildFile; fileRef = 3FA8F1B820803B500015BEE0 /* HYPEnvironmentSelectorViewController.m */; };
		3FA8F1C62080A4340015BEE0 /* HYPEnvironmentSelectorEditItemViewController.m in Sources */ = {isa = PBXBuildFile; fileRef = 3FA8F1C42080A4340015BEE0 /* HYPEnvironmentSelectorEditItemViewController.m */; };
		3FA8F1CA2080A6720015BEE0 /* HYPEnvironmentInfoEditCell.m in Sources */ = {isa = PBXBuildFile; fileRef = 3FA8F1C82080A6720015BEE0 /* HYPEnvironmentInfoEditCell.m */; };
		3FA8F1D120819DA90015BEE0 /* HYPEnvironmentInfoCell.m in Sources */ = {isa = PBXBuildFile; fileRef = 3FA8F1CF20819DA90015BEE0 /* HYPEnvironmentInfoCell.m */; };
		3FF95B7F2085F41E00AE7D93 /* HYPEnvironmentSelector.framework in Frameworks */ = {isa = PBXBuildFile; fileRef = 3F886641207F7317009760E3 /* HYPEnvironmentSelector.framework */; };
		3FF95B802085F41E00AE7D93 /* HYPEnvironmentSelector.framework in Embed Frameworks */ = {isa = PBXBuildFile; fileRef = 3F886641207F7317009760E3 /* HYPEnvironmentSelector.framework */; settings = {ATTRIBUTES = (CodeSignOnCopy, RemoveHeadersOnCopy, ); }; };
		3FF95B852085F44D00AE7D93 /* HYPEnvironmentSelector.h in Headers */ = {isa = PBXBuildFile; fileRef = 3F886644207F7317009760E3 /* HYPEnvironmentSelector.h */; settings = {ATTRIBUTES = (Public, ); }; };
		3FF95B862085F45B00AE7D93 /* HYPEnvironmentSelectorPlugin.h in Headers */ = {isa = PBXBuildFile; fileRef = 3F886653207F7359009760E3 /* HYPEnvironmentSelectorPlugin.h */; settings = {ATTRIBUTES = (Public, ); }; };
		3FF95B872085F45B00AE7D93 /* HYPEnvironmentItemProtocol.h in Headers */ = {isa = PBXBuildFile; fileRef = 3F55CEE22085CF6700B1960F /* HYPEnvironmentItemProtocol.h */; settings = {ATTRIBUTES = (Public, ); }; };
		3FF95B882085F45B00AE7D93 /* HYPEnvironmentSelectorPluginModule.h in Headers */ = {isa = PBXBuildFile; fileRef = 3F88664C207F7358009760E3 /* HYPEnvironmentSelectorPluginModule.h */; settings = {ATTRIBUTES = (Public, ); }; };
		3FF95B892085F45B00AE7D93 /* HYPEnvironmentItemManage.h in Headers */ = {isa = PBXBuildFile; fileRef = 3F88664D207F7359009760E3 /* HYPEnvironmentItemManage.h */; settings = {ATTRIBUTES = (Public, ); }; };
		3FF95B8A2085F45B00AE7D93 /* HYPEnvironmentSelectorViewController.h in Headers */ = {isa = PBXBuildFile; fileRef = 3FA8F1B720803B500015BEE0 /* HYPEnvironmentSelectorViewController.h */; settings = {ATTRIBUTES = (Public, ); }; };
		3FF95B8B2085F45B00AE7D93 /* HYPEnvironmentInfoCell.h in Headers */ = {isa = PBXBuildFile; fileRef = 3FA8F1CE20819DA90015BEE0 /* HYPEnvironmentInfoCell.h */; settings = {ATTRIBUTES = (Public, ); }; };
		3FF95B8C2085F45B00AE7D93 /* HYPEnvironmentSelectorEditItemViewController.h in Headers */ = {isa = PBXBuildFile; fileRef = 3FA8F1C32080A4340015BEE0 /* HYPEnvironmentSelectorEditItemViewController.h */; settings = {ATTRIBUTES = (Public, ); }; };
		3FF95B8D2085F45B00AE7D93 /* HYPEnvironmentInfoEditCell.h in Headers */ = {isa = PBXBuildFile; fileRef = 3FA8F1C72080A6720015BEE0 /* HYPEnvironmentInfoEditCell.h */; settings = {ATTRIBUTES = (Public, ); }; };
		416036DF50820786C0E7A417 /* Pods_HYPEnvironmentSelector.framework in Frameworks */ = {isa = PBXBuildFile; fileRef = 81AF4DD7BC9024DE3D42242A /* Pods_HYPEnvironmentSelector.framework */; };
		9EE5A05B87CFAF598939CEA4 /* Pods_Example.framework in Frameworks */ = {isa = PBXBuildFile; fileRef = 1E8B5C2564B566209C7B0F48 /* Pods_Example.framework */; };
		B77CAFC5428A9C7F9F80E236 /* Pods_HYPUIMainThreadChecker.framework in Frameworks */ = {isa = PBXBuildFile; fileRef = 4FA452E9184A6617B25E9FB1 /* Pods_HYPUIMainThreadChecker.framework */; };
		FF54AEB869A7EA5A7EF80809 /* Pods_HYPFPSMonitor.framework in Frameworks */ = {isa = PBXBuildFile; fileRef = 8D9BD4A80258DF8BECBF6182 /* Pods_HYPFPSMonitor.framework */; };
/* End PBXBuildFile section */

/* Begin PBXContainerItemProxy section */
		3F14AFA12085C88500CE4EE5 /* PBXContainerItemProxy */ = {
			isa = PBXContainerItemProxy;
			containerPortal = 3F886638207F7317009760E3 /* Project object */;
			proxyType = 1;
			remoteGlobalIDString = 3F14AF9B2085C88500CE4EE5;
			remoteInfo = HYPUIMainThreadChecker;
		};
		3FA20F2A2084402C008B1402 /* PBXContainerItemProxy */ = {
			isa = PBXContainerItemProxy;
			containerPortal = 3F886638207F7317009760E3 /* Project object */;
			proxyType = 1;
			remoteGlobalIDString = 3FA20F242084402C008B1402;
			remoteInfo = HYPFPSMonitor;
		};
		3FF95B832085F43100AE7D93 /* PBXContainerItemProxy */ = {
			isa = PBXContainerItemProxy;
			containerPortal = 3F886638207F7317009760E3 /* Project object */;
			proxyType = 1;
			remoteGlobalIDString = 3F886640207F7317009760E3;
			remoteInfo = HYPEnvironmentSelector;
		};
/* End PBXContainerItemProxy section */

/* Begin PBXCopyFilesBuildPhase section */
		3F886697207F7500009760E3 /* Embed Frameworks */ = {
			isa = PBXCopyFilesBuildPhase;
			buildActionMask = 2147483647;
			dstPath = "";
			dstSubfolderSpec = 10;
			files = (
				3FF95B802085F41E00AE7D93 /* HYPEnvironmentSelector.framework in Embed Frameworks */,
				3F14AFA42085C88500CE4EE5 /* HYPUIMainThreadChecker.framework in Embed Frameworks */,
				3FA20F2D2084402C008B1402 /* HYPFPSMonitor.framework in Embed Frameworks */,
			);
			name = "Embed Frameworks";
			runOnlyForDeploymentPostprocessing = 0;
		};
/* End PBXCopyFilesBuildPhase section */

/* Begin PBXFileReference section */
		1E8B5C2564B566209C7B0F48 /* Pods_Example.framework */ = {isa = PBXFileReference; explicitFileType = wrapper.framework; includeInIndex = 0; path = Pods_Example.framework; sourceTree = BUILT_PRODUCTS_DIR; };
		1F21C19863A24FD094E905B0 /* Pods_AllTarget_HYPEnviromentSelector.framework */ = {isa = PBXFileReference; explicitFileType = wrapper.framework; includeInIndex = 0; path = Pods_AllTarget_HYPEnviromentSelector.framework; sourceTree = BUILT_PRODUCTS_DIR; };
		2995F6DDDC070EEB4D268065 /* Pods-HYPUIMainThreadChecker.release.xcconfig */ = {isa = PBXFileReference; includeInIndex = 1; lastKnownFileType = text.xcconfig; name = "Pods-HYPUIMainThreadChecker.release.xcconfig"; path = "Pods/Target Support Files/Pods-HYPUIMainThreadChecker/Pods-HYPUIMainThreadChecker.release.xcconfig"; sourceTree = "<group>"; };
		34F86701CA8BA9CFEC79EDFE /* Pods-AllTarget-HYPEnviromentSelector.debug.xcconfig */ = {isa = PBXFileReference; includeInIndex = 1; lastKnownFileType = text.xcconfig; name = "Pods-AllTarget-HYPEnviromentSelector.debug.xcconfig"; path = "Pods/Target Support Files/Pods-AllTarget-HYPEnviromentSelector/Pods-AllTarget-HYPEnviromentSelector.debug.xcconfig"; sourceTree = "<group>"; };
		36880CED7E4427F16BEE3A56 /* Pods-AllTarget-HYPEnviromentSelector.release.xcconfig */ = {isa = PBXFileReference; includeInIndex = 1; lastKnownFileType = text.xcconfig; name = "Pods-AllTarget-HYPEnviromentSelector.release.xcconfig"; path = "Pods/Target Support Files/Pods-AllTarget-HYPEnviromentSelector/Pods-AllTarget-HYPEnviromentSelector.release.xcconfig"; sourceTree = "<group>"; };
		36EC2D7824E5F9823D947F2C /* Pods-Example.debug.xcconfig */ = {isa = PBXFileReference; includeInIndex = 1; lastKnownFileType = text.xcconfig; name = "Pods-Example.debug.xcconfig"; path = "Pods/Target Support Files/Pods-Example/Pods-Example.debug.xcconfig"; sourceTree = "<group>"; };
		3F14AF842085977900CE4EE5 /* HYPUIMainThreadCheckerPlugin.h */ = {isa = PBXFileReference; lastKnownFileType = sourcecode.c.h; path = HYPUIMainThreadCheckerPlugin.h; sourceTree = "<group>"; };
		3F14AF852085977900CE4EE5 /* HYPUIMainThreadCheckerPlugin.m */ = {isa = PBXFileReference; lastKnownFileType = sourcecode.c.objc; path = HYPUIMainThreadCheckerPlugin.m; sourceTree = "<group>"; };
		3F14AF88208597A800CE4EE5 /* HYPUIMainThreadCheckerPluginModule.h */ = {isa = PBXFileReference; lastKnownFileType = sourcecode.c.h; path = HYPUIMainThreadCheckerPluginModule.h; sourceTree = "<group>"; };
		3F14AF89208597A800CE4EE5 /* HYPUIMainThreadCheckerPluginModule.m */ = {isa = PBXFileReference; lastKnownFileType = sourcecode.c.objc; path = HYPUIMainThreadCheckerPluginModule.m; sourceTree = "<group>"; };
		3F14AF8C2085982800CE4EE5 /* UIView+HYPUIMainThreadChecker.h */ = {isa = PBXFileReference; lastKnownFileType = sourcecode.c.h; path = "UIView+HYPUIMainThreadChecker.h"; sourceTree = "<group>"; };
		3F14AF8D2085982800CE4EE5 /* UIView+HYPUIMainThreadChecker.m */ = {isa = PBXFileReference; lastKnownFileType = sourcecode.c.objc; path = "UIView+HYPUIMainThreadChecker.m"; sourceTree = "<group>"; };
		3F14AF9120859BCB00CE4EE5 /* mainThreadCheck.png */ = {isa = PBXFileReference; lastKnownFileType = image.png; path = mainThreadCheck.png; sourceTree = "<group>"; };
		3F14AF9220859BCB00CE4EE5 /* mainThreadCheck@2x.png */ = {isa = PBXFileReference; lastKnownFileType = image.png; path = "mainThreadCheck@2x.png"; sourceTree = "<group>"; };
		3F14AF9320859BCB00CE4EE5 /* mainThreadCheck@3x.png */ = {isa = PBXFileReference; lastKnownFileType = image.png; path = "mainThreadCheck@3x.png"; sourceTree = "<group>"; };
		3F14AF9C2085C88500CE4EE5 /* HYPUIMainThreadChecker.framework */ = {isa = PBXFileReference; explicitFileType = wrapper.framework; includeInIndex = 0; path = HYPUIMainThreadChecker.framework; sourceTree = BUILT_PRODUCTS_DIR; };
		3F14AF9E2085C88500CE4EE5 /* HYPUIMainThreadChecker.h */ = {isa = PBXFileReference; lastKnownFileType = sourcecode.c.h; path = HYPUIMainThreadChecker.h; sourceTree = "<group>"; };
		3F14AF9F2085C88500CE4EE5 /* Info.plist */ = {isa = PBXFileReference; lastKnownFileType = text.plist.xml; path = Info.plist; sourceTree = "<group>"; };
		3F55CEE22085CF6700B1960F /* HYPEnvironmentItemProtocol.h */ = {isa = PBXFileReference; lastKnownFileType = sourcecode.c.h; path = HYPEnvironmentItemProtocol.h; sourceTree = "<group>"; };
		3F55CEE42085D88500B1960F /* Example-Bridging-Header.h */ = {isa = PBXFileReference; lastKnownFileType = sourcecode.c.h; path = "Example-Bridging-Header.h"; sourceTree = "<group>"; };
		3F55CEE52085D88500B1960F /* MyEnvItem.h */ = {isa = PBXFileReference; lastKnownFileType = sourcecode.c.h; path = MyEnvItem.h; sourceTree = "<group>"; };
		3F55CEE62085D88500B1960F /* MyEnvItem.m */ = {isa = PBXFileReference; lastKnownFileType = sourcecode.c.objc; path = MyEnvItem.m; sourceTree = "<group>"; };
		3F886641207F7317009760E3 /* HYPEnvironmentSelector.framework */ = {isa = PBXFileReference; explicitFileType = wrapper.framework; includeInIndex = 0; path = HYPEnvironmentSelector.framework; sourceTree = BUILT_PRODUCTS_DIR; };
		3F886644207F7317009760E3 /* HYPEnvironmentSelector.h */ = {isa = PBXFileReference; lastKnownFileType = sourcecode.c.h; path = HYPEnvironmentSelector.h; sourceTree = "<group>"; };
		3F886645207F7317009760E3 /* Info.plist */ = {isa = PBXFileReference; lastKnownFileType = text.plist.xml; path = Info.plist; sourceTree = "<group>"; };
		3F88664C207F7358009760E3 /* HYPEnvironmentSelectorPluginModule.h */ = {isa = PBXFileReference; fileEncoding = 4; lastKnownFileType = sourcecode.c.h; path = HYPEnvironmentSelectorPluginModule.h; sourceTree = "<group>"; };
		3F88664D207F7359009760E3 /* HYPEnvironmentItemManage.h */ = {isa = PBXFileReference; fileEncoding = 4; lastKnownFileType = sourcecode.c.h; path = HYPEnvironmentItemManage.h; sourceTree = "<group>"; };
		3F88664E207F7359009760E3 /* HYPEnvironmentItemManage.m */ = {isa = PBXFileReference; fileEncoding = 4; lastKnownFileType = sourcecode.c.objc; path = HYPEnvironmentItemManage.m; sourceTree = "<group>"; };
		3F886651207F7359009760E3 /* HYPEnvironmentSelectorPluginModule.m */ = {isa = PBXFileReference; fileEncoding = 4; lastKnownFileType = sourcecode.c.objc; path = HYPEnvironmentSelectorPluginModule.m; sourceTree = "<group>"; };
		3F886652207F7359009760E3 /* HYPEnvironmentSelectorPlugin.m */ = {isa = PBXFileReference; fileEncoding = 4; lastKnownFileType = sourcecode.c.objc; path = HYPEnvironmentSelectorPlugin.m; sourceTree = "<group>"; };
		3F886653207F7359009760E3 /* HYPEnvironmentSelectorPlugin.h */ = {isa = PBXFileReference; fileEncoding = 4; lastKnownFileType = sourcecode.c.h; path = HYPEnvironmentSelectorPlugin.h; sourceTree = "<group>"; };
		3F88665D207F7366009760E3 /* env.png */ = {isa = PBXFileReference; lastKnownFileType = image.png; path = env.png; sourceTree = "<group>"; };
		3F88665E207F7366009760E3 /* env@2x.png */ = {isa = PBXFileReference; lastKnownFileType = image.png; path = "env@2x.png"; sourceTree = "<group>"; };
		3F88665F207F7366009760E3 /* env@3x.png */ = {isa = PBXFileReference; lastKnownFileType = image.png; path = "env@3x.png"; sourceTree = "<group>"; };
		3F886681207F7388009760E3 /* Example.app */ = {isa = PBXFileReference; explicitFileType = wrapper.application; includeInIndex = 0; path = Example.app; sourceTree = BUILT_PRODUCTS_DIR; };
		3F886683207F7388009760E3 /* AppDelegate.swift */ = {isa = PBXFileReference; lastKnownFileType = sourcecode.swift; path = AppDelegate.swift; sourceTree = "<group>"; };
		3F886685207F7388009760E3 /* ViewController.swift */ = {isa = PBXFileReference; lastKnownFileType = sourcecode.swift; path = ViewController.swift; sourceTree = "<group>"; };
		3F886688207F7388009760E3 /* Base */ = {isa = PBXFileReference; lastKnownFileType = file.storyboard; name = Base; path = Base.lproj/Main.storyboard; sourceTree = "<group>"; };
		3F88668A207F7389009760E3 /* Assets.xcassets */ = {isa = PBXFileReference; lastKnownFileType = folder.assetcatalog; path = Assets.xcassets; sourceTree = "<group>"; };
		3F88668D207F7389009760E3 /* Base */ = {isa = PBXFileReference; lastKnownFileType = file.storyboard; name = Base; path = Base.lproj/LaunchScreen.storyboard; sourceTree = "<group>"; };
		3F88668F207F7389009760E3 /* Info.plist */ = {isa = PBXFileReference; lastKnownFileType = text.plist.xml; path = Info.plist; sourceTree = "<group>"; };
		3FA20F252084402C008B1402 /* HYPFPSMonitor.framework */ = {isa = PBXFileReference; explicitFileType = wrapper.framework; includeInIndex = 0; path = HYPFPSMonitor.framework; sourceTree = BUILT_PRODUCTS_DIR; };
		3FA20F272084402C008B1402 /* HYPFPSMonitor.h */ = {isa = PBXFileReference; lastKnownFileType = sourcecode.c.h; path = HYPFPSMonitor.h; sourceTree = "<group>"; };
		3FA20F282084402C008B1402 /* Info.plist */ = {isa = PBXFileReference; lastKnownFileType = text.plist.xml; path = Info.plist; sourceTree = "<group>"; };
		3FA20F3120844062008B1402 /* HYPFPSMonitorPlugin.h */ = {isa = PBXFileReference; lastKnownFileType = sourcecode.c.h; path = HYPFPSMonitorPlugin.h; sourceTree = "<group>"; };
		3FA20F3220844062008B1402 /* HYPFPSMonitorPlugin.m */ = {isa = PBXFileReference; lastKnownFileType = sourcecode.c.objc; path = HYPFPSMonitorPlugin.m; sourceTree = "<group>"; };
		3FA20F3520844731008B1402 /* HYPFPSMonitorPluginModule.h */ = {isa = PBXFileReference; lastKnownFileType = sourcecode.c.h; path = HYPFPSMonitorPluginModule.h; sourceTree = "<group>"; };
		3FA20F3620844731008B1402 /* HYPFPSMonitorPluginModule.m */ = {isa = PBXFileReference; lastKnownFileType = sourcecode.c.objc; path = HYPFPSMonitorPluginModule.m; sourceTree = "<group>"; };
		3FA20F3E20844900008B1402 /* fpsMonitor.png */ = {isa = PBXFileReference; lastKnownFileType = image.png; path = fpsMonitor.png; sourceTree = "<group>"; };
		3FA20F3F20844900008B1402 /* fpsMonitor@2x.png */ = {isa = PBXFileReference; lastKnownFileType = image.png; path = "fpsMonitor@2x.png"; sourceTree = "<group>"; };
		3FA20F4020844900008B1402 /* fpsMonitor@3x.png */ = {isa = PBXFileReference; lastKnownFileType = image.png; path = "fpsMonitor@3x.png"; sourceTree = "<group>"; };
		3FA20F4420844D8F008B1402 /* HYPFPSMonitorManager.h */ = {isa = PBXFileReference; lastKnownFileType = sourcecode.c.h; path = HYPFPSMonitorManager.h; sourceTree = "<group>"; };
		3FA20F4520844D8F008B1402 /* HYPFPSMonitorManager.m */ = {isa = PBXFileReference; lastKnownFileType = sourcecode.c.objc; path = HYPFPSMonitorManager.m; sourceTree = "<group>"; };
		3FA8F1B720803B500015BEE0 /* HYPEnvironmentSelectorViewController.h */ = {isa = PBXFileReference; lastKnownFileType = sourcecode.c.h; path = HYPEnvironmentSelectorViewController.h; sourceTree = "<group>"; };
		3FA8F1B820803B500015BEE0 /* HYPEnvironmentSelectorViewController.m */ = {isa = PBXFileReference; lastKnownFileType = sourcecode.c.objc; path = HYPEnvironmentSelectorViewController.m; sourceTree = "<group>"; };
		3FA8F1C32080A4340015BEE0 /* HYPEnvironmentSelectorEditItemViewController.h */ = {isa = PBXFileReference; lastKnownFileType = sourcecode.c.h; path = HYPEnvironmentSelectorEditItemViewController.h; sourceTree = "<group>"; };
		3FA8F1C42080A4340015BEE0 /* HYPEnvironmentSelectorEditItemViewController.m */ = {isa = PBXFileReference; lastKnownFileType = sourcecode.c.objc; path = HYPEnvironmentSelectorEditItemViewController.m; sourceTree = "<group>"; };
		3FA8F1C72080A6720015BEE0 /* HYPEnvironmentInfoEditCell.h */ = {isa = PBXFileReference; lastKnownFileType = sourcecode.c.h; path = HYPEnvironmentInfoEditCell.h; sourceTree = "<group>"; };
		3FA8F1C82080A6720015BEE0 /* HYPEnvironmentInfoEditCell.m */ = {isa = PBXFileReference; lastKnownFileType = sourcecode.c.objc; path = HYPEnvironmentInfoEditCell.m; sourceTree = "<group>"; };
		3FA8F1CE20819DA90015BEE0 /* HYPEnvironmentInfoCell.h */ = {isa = PBXFileReference; lastKnownFileType = sourcecode.c.h; path = HYPEnvironmentInfoCell.h; sourceTree = "<group>"; };
		3FA8F1CF20819DA90015BEE0 /* HYPEnvironmentInfoCell.m */ = {isa = PBXFileReference; lastKnownFileType = sourcecode.c.objc; path = HYPEnvironmentInfoCell.m; sourceTree = "<group>"; };
		42470BB1473038DBF7143011 /* Pods-HYPEnvironmentSelector.debug.xcconfig */ = {isa = PBXFileReference; includeInIndex = 1; lastKnownFileType = text.xcconfig; name = "Pods-HYPEnvironmentSelector.debug.xcconfig"; path = "Pods/Target Support Files/Pods-HYPEnvironmentSelector/Pods-HYPEnvironmentSelector.debug.xcconfig"; sourceTree = "<group>"; };
		4F0459C04175FAD28001D34B /* Pods-HYPFPSMonitor.debug.xcconfig */ = {isa = PBXFileReference; includeInIndex = 1; lastKnownFileType = text.xcconfig; name = "Pods-HYPFPSMonitor.debug.xcconfig"; path = "Pods/Target Support Files/Pods-HYPFPSMonitor/Pods-HYPFPSMonitor.debug.xcconfig"; sourceTree = "<group>"; };
		4FA452E9184A6617B25E9FB1 /* Pods_HYPUIMainThreadChecker.framework */ = {isa = PBXFileReference; explicitFileType = wrapper.framework; includeInIndex = 0; path = Pods_HYPUIMainThreadChecker.framework; sourceTree = BUILT_PRODUCTS_DIR; };
		505EEE7269718E53B081973B /* Pods-HYPEnvironmentSelector.release.xcconfig */ = {isa = PBXFileReference; includeInIndex = 1; lastKnownFileType = text.xcconfig; name = "Pods-HYPEnvironmentSelector.release.xcconfig"; path = "Pods/Target Support Files/Pods-HYPEnvironmentSelector/Pods-HYPEnvironmentSelector.release.xcconfig"; sourceTree = "<group>"; };
		51E5801663D749F6E0CEBE4D /* Pods-Example.release.xcconfig */ = {isa = PBXFileReference; includeInIndex = 1; lastKnownFileType = text.xcconfig; name = "Pods-Example.release.xcconfig"; path = "Pods/Target Support Files/Pods-Example/Pods-Example.release.xcconfig"; sourceTree = "<group>"; };
		62D564FC925072656116C11D /* Pods-AllTarget-Example.release.xcconfig */ = {isa = PBXFileReference; includeInIndex = 1; lastKnownFileType = text.xcconfig; name = "Pods-AllTarget-Example.release.xcconfig"; path = "Pods/Target Support Files/Pods-AllTarget-Example/Pods-AllTarget-Example.release.xcconfig"; sourceTree = "<group>"; };
		6C1C4A95A5B19ABC5FD783D5 /* Pods-HYPUIMainThreadCheaker.release.xcconfig */ = {isa = PBXFileReference; includeInIndex = 1; lastKnownFileType = text.xcconfig; name = "Pods-HYPUIMainThreadCheaker.release.xcconfig"; path = "Pods/Target Support Files/Pods-HYPUIMainThreadCheaker/Pods-HYPUIMainThreadCheaker.release.xcconfig"; sourceTree = "<group>"; };
		715D46970E9ACE9D4722BBCD /* Pods-AllTarget-Example.debug.xcconfig */ = {isa = PBXFileReference; includeInIndex = 1; lastKnownFileType = text.xcconfig; name = "Pods-AllTarget-Example.debug.xcconfig"; path = "Pods/Target Support Files/Pods-AllTarget-Example/Pods-AllTarget-Example.debug.xcconfig"; sourceTree = "<group>"; };
		7345F310DD8A053BCE9DC07D /* Pods-HYPFPSMonitor.release.xcconfig */ = {isa = PBXFileReference; includeInIndex = 1; lastKnownFileType = text.xcconfig; name = "Pods-HYPFPSMonitor.release.xcconfig"; path = "Pods/Target Support Files/Pods-HYPFPSMonitor/Pods-HYPFPSMonitor.release.xcconfig"; sourceTree = "<group>"; };
		749E5AEB86A0DDA660D43A7F /* Pods-HYPEnviromentSelector.release.xcconfig */ = {isa = PBXFileReference; includeInIndex = 1; lastKnownFileType = text.xcconfig; name = "Pods-HYPEnviromentSelector.release.xcconfig"; path = "Pods/Target Support Files/Pods-HYPEnviromentSelector/Pods-HYPEnviromentSelector.release.xcconfig"; sourceTree = "<group>"; };
		7642D0F827F81D60FF722291 /* Pods_AllTarget_HYPFPSMonitor.framework */ = {isa = PBXFileReference; explicitFileType = wrapper.framework; includeInIndex = 0; path = Pods_AllTarget_HYPFPSMonitor.framework; sourceTree = BUILT_PRODUCTS_DIR; };
		7F76C635CCFF10AD510BA273 /* Pods-HYPUIMainThreadChecker.debug.xcconfig */ = {isa = PBXFileReference; includeInIndex = 1; lastKnownFileType = text.xcconfig; name = "Pods-HYPUIMainThreadChecker.debug.xcconfig"; path = "Pods/Target Support Files/Pods-HYPUIMainThreadChecker/Pods-HYPUIMainThreadChecker.debug.xcconfig"; sourceTree = "<group>"; };
		81AF4DD7BC9024DE3D42242A /* Pods_HYPEnvironmentSelector.framework */ = {isa = PBXFileReference; explicitFileType = wrapper.framework; includeInIndex = 0; path = Pods_HYPEnvironmentSelector.framework; sourceTree = BUILT_PRODUCTS_DIR; };
		81CAB74EAEDC9FE4FF01A030 /* Pods-AllTarget-HYPFPSMonitor.release.xcconfig */ = {isa = PBXFileReference; includeInIndex = 1; lastKnownFileType = text.xcconfig; name = "Pods-AllTarget-HYPFPSMonitor.release.xcconfig"; path = "Pods/Target Support Files/Pods-AllTarget-HYPFPSMonitor/Pods-AllTarget-HYPFPSMonitor.release.xcconfig"; sourceTree = "<group>"; };
		828699604C1986C1611BA401 /* Pods-HYPUIMainThreadCheaker.debug.xcconfig */ = {isa = PBXFileReference; includeInIndex = 1; lastKnownFileType = text.xcconfig; name = "Pods-HYPUIMainThreadCheaker.debug.xcconfig"; path = "Pods/Target Support Files/Pods-HYPUIMainThreadCheaker/Pods-HYPUIMainThreadCheaker.debug.xcconfig"; sourceTree = "<group>"; };
		8901E5272A8DE83F9901039C /* Pods-AllTarget-HYPFPSMonitor.debug.xcconfig */ = {isa = PBXFileReference; includeInIndex = 1; lastKnownFileType = text.xcconfig; name = "Pods-AllTarget-HYPFPSMonitor.debug.xcconfig"; path = "Pods/Target Support Files/Pods-AllTarget-HYPFPSMonitor/Pods-AllTarget-HYPFPSMonitor.debug.xcconfig"; sourceTree = "<group>"; };
		8BC352738121A549E1FEE3D3 /* Pods_AllTarget_Example.framework */ = {isa = PBXFileReference; explicitFileType = wrapper.framework; includeInIndex = 0; path = Pods_AllTarget_Example.framework; sourceTree = BUILT_PRODUCTS_DIR; };
		8D9BD4A80258DF8BECBF6182 /* Pods_HYPFPSMonitor.framework */ = {isa = PBXFileReference; explicitFileType = wrapper.framework; includeInIndex = 0; path = Pods_HYPFPSMonitor.framework; sourceTree = BUILT_PRODUCTS_DIR; };
		B91DE5109C35244080B61E05 /* Pods_HYPUIMainThreadCheaker.framework */ = {isa = PBXFileReference; explicitFileType = wrapper.framework; includeInIndex = 0; path = Pods_HYPUIMainThreadCheaker.framework; sourceTree = BUILT_PRODUCTS_DIR; };
		BC648620FED0EBE9309DB78B /* Pods_HYPEnviromentSelector.framework */ = {isa = PBXFileReference; explicitFileType = wrapper.framework; includeInIndex = 0; path = Pods_HYPEnviromentSelector.framework; sourceTree = BUILT_PRODUCTS_DIR; };
		F86D4F820A8E710CA2E72A70 /* Pods-HYPEnviromentSelector.debug.xcconfig */ = {isa = PBXFileReference; includeInIndex = 1; lastKnownFileType = text.xcconfig; name = "Pods-HYPEnviromentSelector.debug.xcconfig"; path = "Pods/Target Support Files/Pods-HYPEnviromentSelector/Pods-HYPEnviromentSelector.debug.xcconfig"; sourceTree = "<group>"; };
/* End PBXFileReference section */

/* Begin PBXFrameworksBuildPhase section */
		3F14AF982085C88500CE4EE5 /* Frameworks */ = {
			isa = PBXFrameworksBuildPhase;
			buildActionMask = 2147483647;
			files = (
				B77CAFC5428A9C7F9F80E236 /* Pods_HYPUIMainThreadChecker.framework in Frameworks */,
			);
			runOnlyForDeploymentPostprocessing = 0;
		};
		3F88663D207F7317009760E3 /* Frameworks */ = {
			isa = PBXFrameworksBuildPhase;
			buildActionMask = 2147483647;
			files = (
				416036DF50820786C0E7A417 /* Pods_HYPEnvironmentSelector.framework in Frameworks */,
			);
			runOnlyForDeploymentPostprocessing = 0;
		};
		3F88667E207F7388009760E3 /* Frameworks */ = {
			isa = PBXFrameworksBuildPhase;
			buildActionMask = 2147483647;
			files = (
				3F14AFA32085C88500CE4EE5 /* HYPUIMainThreadChecker.framework in Frameworks */,
				3FA20F2C2084402C008B1402 /* HYPFPSMonitor.framework in Frameworks */,
				3FF95B7F2085F41E00AE7D93 /* HYPEnvironmentSelector.framework in Frameworks */,
				9EE5A05B87CFAF598939CEA4 /* Pods_Example.framework in Frameworks */,
			);
			runOnlyForDeploymentPostprocessing = 0;
		};
		3FA20F212084402C008B1402 /* Frameworks */ = {
			isa = PBXFrameworksBuildPhase;
			buildActionMask = 2147483647;
			files = (
				FF54AEB869A7EA5A7EF80809 /* Pods_HYPFPSMonitor.framework in Frameworks */,
			);
			runOnlyForDeploymentPostprocessing = 0;
		};
/* End PBXFrameworksBuildPhase section */

/* Begin PBXGroup section */
		3F14AF9020859BCB00CE4EE5 /* Resources */ = {
			isa = PBXGroup;
			children = (
				3F14AF9120859BCB00CE4EE5 /* mainThreadCheck.png */,
				3F14AF9220859BCB00CE4EE5 /* mainThreadCheck@2x.png */,
				3F14AF9320859BCB00CE4EE5 /* mainThreadCheck@3x.png */,
			);
			path = Resources;
			sourceTree = "<group>";
		};
		3F14AF9D2085C88500CE4EE5 /* HYPUIMainThreadChecker */ = {
			isa = PBXGroup;
			children = (
				3F14AF9E2085C88500CE4EE5 /* HYPUIMainThreadChecker.h */,
				3F14AF842085977900CE4EE5 /* HYPUIMainThreadCheckerPlugin.h */,
				3F14AF852085977900CE4EE5 /* HYPUIMainThreadCheckerPlugin.m */,
				3F14AF88208597A800CE4EE5 /* HYPUIMainThreadCheckerPluginModule.h */,
				3F14AF89208597A800CE4EE5 /* HYPUIMainThreadCheckerPluginModule.m */,
				3F14AF8C2085982800CE4EE5 /* UIView+HYPUIMainThreadChecker.h */,
				3F14AF8D2085982800CE4EE5 /* UIView+HYPUIMainThreadChecker.m */,
				3F14AF9F2085C88500CE4EE5 /* Info.plist */,
				3F14AF9020859BCB00CE4EE5 /* Resources */,
			);
			path = HYPUIMainThreadChecker;
			sourceTree = "<group>";
		};
		3F886637207F7317009760E3 = {
			isa = PBXGroup;
			children = (
				3F886643207F7317009760E3 /* HYPEnvironmentSelector */,
				3FA20F262084402C008B1402 /* HYPFPSMonitor */,
				3F14AF9D2085C88500CE4EE5 /* HYPUIMainThreadChecker */,
				3F886682207F7388009760E3 /* Example */,
				3F886642207F7317009760E3 /* Products */,
				4739C495600620D1E0B57456 /* Pods */,
				F68ED925A964252A2A681949 /* Frameworks */,
			);
			sourceTree = "<group>";
		};
		3F886642207F7317009760E3 /* Products */ = {
			isa = PBXGroup;
			children = (
				3F886641207F7317009760E3 /* HYPEnvironmentSelector.framework */,
				3F886681207F7388009760E3 /* Example.app */,
				3FA20F252084402C008B1402 /* HYPFPSMonitor.framework */,
				3F14AF9C2085C88500CE4EE5 /* HYPUIMainThreadChecker.framework */,
			);
			name = Products;
			sourceTree = "<group>";
		};
		3F886643207F7317009760E3 /* HYPEnvironmentSelector */ = {
			isa = PBXGroup;
			children = (
				3F886644207F7317009760E3 /* HYPEnvironmentSelector.h */,
				3F886653207F7359009760E3 /* HYPEnvironmentSelectorPlugin.h */,
				3F886652207F7359009760E3 /* HYPEnvironmentSelectorPlugin.m */,
				3F55CEE22085CF6700B1960F /* HYPEnvironmentItemProtocol.h */,
				3F88664C207F7358009760E3 /* HYPEnvironmentSelectorPluginModule.h */,
				3F886651207F7359009760E3 /* HYPEnvironmentSelectorPluginModule.m */,
				3F88664D207F7359009760E3 /* HYPEnvironmentItemManage.h */,
				3F88664E207F7359009760E3 /* HYPEnvironmentItemManage.m */,
				3FA8F1B720803B500015BEE0 /* HYPEnvironmentSelectorViewController.h */,
				3FA8F1B820803B500015BEE0 /* HYPEnvironmentSelectorViewController.m */,
				3FA8F1CE20819DA90015BEE0 /* HYPEnvironmentInfoCell.h */,
				3FA8F1CF20819DA90015BEE0 /* HYPEnvironmentInfoCell.m */,
				3FA8F1C32080A4340015BEE0 /* HYPEnvironmentSelectorEditItemViewController.h */,
				3FA8F1C42080A4340015BEE0 /* HYPEnvironmentSelectorEditItemViewController.m */,
				3FA8F1C72080A6720015BEE0 /* HYPEnvironmentInfoEditCell.h */,
				3FA8F1C82080A6720015BEE0 /* HYPEnvironmentInfoEditCell.m */,
				3F886645207F7317009760E3 /* Info.plist */,
				3F88665C207F7366009760E3 /* Resources */,
			);
			path = HYPEnvironmentSelector;
			sourceTree = "<group>";
		};
		3F88665C207F7366009760E3 /* Resources */ = {
			isa = PBXGroup;
			children = (
				3F88665D207F7366009760E3 /* env.png */,
				3F88665E207F7366009760E3 /* env@2x.png */,
				3F88665F207F7366009760E3 /* env@3x.png */,
			);
			path = Resources;
			sourceTree = "<group>";
		};
		3F886682207F7388009760E3 /* Example */ = {
			isa = PBXGroup;
			children = (
				3F55CEE42085D88500B1960F /* Example-Bridging-Header.h */,
				3F55CEE52085D88500B1960F /* MyEnvItem.h */,
				3F55CEE62085D88500B1960F /* MyEnvItem.m */,
				3F886683207F7388009760E3 /* AppDelegate.swift */,
				3F886685207F7388009760E3 /* ViewController.swift */,
				3F886687207F7388009760E3 /* Main.storyboard */,
				3F88668A207F7389009760E3 /* Assets.xcassets */,
				3F88668C207F7389009760E3 /* LaunchScreen.storyboard */,
				3F88668F207F7389009760E3 /* Info.plist */,
			);
			path = Example;
			sourceTree = "<group>";
		};
		3FA20F262084402C008B1402 /* HYPFPSMonitor */ = {
			isa = PBXGroup;
			children = (
				3FA20F272084402C008B1402 /* HYPFPSMonitor.h */,
				3FA20F3120844062008B1402 /* HYPFPSMonitorPlugin.h */,
				3FA20F3220844062008B1402 /* HYPFPSMonitorPlugin.m */,
				3FA20F3520844731008B1402 /* HYPFPSMonitorPluginModule.h */,
				3FA20F3620844731008B1402 /* HYPFPSMonitorPluginModule.m */,
				3FA20F4420844D8F008B1402 /* HYPFPSMonitorManager.h */,
				3FA20F4520844D8F008B1402 /* HYPFPSMonitorManager.m */,
				3FA20F282084402C008B1402 /* Info.plist */,
				3FA20F3D20844900008B1402 /* Resources */,
			);
			path = HYPFPSMonitor;
			sourceTree = "<group>";
		};
		3FA20F3D20844900008B1402 /* Resources */ = {
			isa = PBXGroup;
			children = (
				3FA20F3E20844900008B1402 /* fpsMonitor.png */,
				3FA20F3F20844900008B1402 /* fpsMonitor@2x.png */,
				3FA20F4020844900008B1402 /* fpsMonitor@3x.png */,
			);
			path = Resources;
			sourceTree = "<group>";
		};
		4739C495600620D1E0B57456 /* Pods */ = {
			isa = PBXGroup;
			children = (
				F86D4F820A8E710CA2E72A70 /* Pods-HYPEnviromentSelector.debug.xcconfig */,
				749E5AEB86A0DDA660D43A7F /* Pods-HYPEnviromentSelector.release.xcconfig */,
				36EC2D7824E5F9823D947F2C /* Pods-Example.debug.xcconfig */,
				51E5801663D749F6E0CEBE4D /* Pods-Example.release.xcconfig */,
				715D46970E9ACE9D4722BBCD /* Pods-AllTarget-Example.debug.xcconfig */,
				62D564FC925072656116C11D /* Pods-AllTarget-Example.release.xcconfig */,
				34F86701CA8BA9CFEC79EDFE /* Pods-AllTarget-HYPEnviromentSelector.debug.xcconfig */,
				36880CED7E4427F16BEE3A56 /* Pods-AllTarget-HYPEnviromentSelector.release.xcconfig */,
				8901E5272A8DE83F9901039C /* Pods-AllTarget-HYPFPSMonitor.debug.xcconfig */,
				81CAB74EAEDC9FE4FF01A030 /* Pods-AllTarget-HYPFPSMonitor.release.xcconfig */,
				4F0459C04175FAD28001D34B /* Pods-HYPFPSMonitor.debug.xcconfig */,
				7345F310DD8A053BCE9DC07D /* Pods-HYPFPSMonitor.release.xcconfig */,
				828699604C1986C1611BA401 /* Pods-HYPUIMainThreadCheaker.debug.xcconfig */,
				6C1C4A95A5B19ABC5FD783D5 /* Pods-HYPUIMainThreadCheaker.release.xcconfig */,
				7F76C635CCFF10AD510BA273 /* Pods-HYPUIMainThreadChecker.debug.xcconfig */,
				2995F6DDDC070EEB4D268065 /* Pods-HYPUIMainThreadChecker.release.xcconfig */,
				42470BB1473038DBF7143011 /* Pods-HYPEnvironmentSelector.debug.xcconfig */,
				505EEE7269718E53B081973B /* Pods-HYPEnvironmentSelector.release.xcconfig */,
			);
			name = Pods;
			sourceTree = "<group>";
		};
		F68ED925A964252A2A681949 /* Frameworks */ = {
			isa = PBXGroup;
			children = (
				1E8B5C2564B566209C7B0F48 /* Pods_Example.framework */,
				BC648620FED0EBE9309DB78B /* Pods_HYPEnviromentSelector.framework */,
				8BC352738121A549E1FEE3D3 /* Pods_AllTarget_Example.framework */,
				1F21C19863A24FD094E905B0 /* Pods_AllTarget_HYPEnviromentSelector.framework */,
				7642D0F827F81D60FF722291 /* Pods_AllTarget_HYPFPSMonitor.framework */,
				8D9BD4A80258DF8BECBF6182 /* Pods_HYPFPSMonitor.framework */,
				B91DE5109C35244080B61E05 /* Pods_HYPUIMainThreadCheaker.framework */,
				4FA452E9184A6617B25E9FB1 /* Pods_HYPUIMainThreadChecker.framework */,
				81AF4DD7BC9024DE3D42242A /* Pods_HYPEnvironmentSelector.framework */,
			);
			name = Frameworks;
			sourceTree = "<group>";
		};
/* End PBXGroup section */

/* Begin PBXHeadersBuildPhase section */
		3F14AF992085C88500CE4EE5 /* Headers */ = {
			isa = PBXHeadersBuildPhase;
			buildActionMask = 2147483647;
			files = (
				3F14AFA02085C88500CE4EE5 /* HYPUIMainThreadChecker.h in Headers */,
				3F14AFAB2085C9D900CE4EE5 /* HYPUIMainThreadCheckerPlugin.h in Headers */,
				3F14AFAC2085C9DC00CE4EE5 /* HYPUIMainThreadCheckerPluginModule.h in Headers */,
				3F14AFAD2085C9E000CE4EE5 /* UIView+HYPUIMainThreadChecker.h in Headers */,
			);
			runOnlyForDeploymentPostprocessing = 0;
		};
		3F88663E207F7317009760E3 /* Headers */ = {
			isa = PBXHeadersBuildPhase;
			buildActionMask = 2147483647;
			files = (
				3FF95B852085F44D00AE7D93 /* HYPEnvironmentSelector.h in Headers */,
				3FF95B862085F45B00AE7D93 /* HYPEnvironmentSelectorPlugin.h in Headers */,
				3FF95B872085F45B00AE7D93 /* HYPEnvironmentItemProtocol.h in Headers */,
				3FF95B882085F45B00AE7D93 /* HYPEnvironmentSelectorPluginModule.h in Headers */,
				3FF95B892085F45B00AE7D93 /* HYPEnvironmentItemManage.h in Headers */,
				3FF95B8A2085F45B00AE7D93 /* HYPEnvironmentSelectorViewController.h in Headers */,
				3FF95B8C2085F45B00AE7D93 /* HYPEnvironmentSelectorEditItemViewController.h in Headers */,
				3FF95B8B2085F45B00AE7D93 /* HYPEnvironmentInfoCell.h in Headers */,
				3FF95B8D2085F45B00AE7D93 /* HYPEnvironmentInfoEditCell.h in Headers */,
			);
			runOnlyForDeploymentPostprocessing = 0;
		};
		3FA20F222084402C008B1402 /* Headers */ = {
			isa = PBXHeadersBuildPhase;
			buildActionMask = 2147483647;
			files = (
				3FA20F3720844731008B1402 /* HYPFPSMonitorPluginModule.h in Headers */,
				3FA20F4620844D8F008B1402 /* HYPFPSMonitorManager.h in Headers */,
				3FA20F3320844062008B1402 /* HYPFPSMonitorPlugin.h in Headers */,
				3FA20F292084402C008B1402 /* HYPFPSMonitor.h in Headers */,
			);
			runOnlyForDeploymentPostprocessing = 0;
		};
/* End PBXHeadersBuildPhase section */

/* Begin PBXNativeTarget section */
		3F14AF9B2085C88500CE4EE5 /* HYPUIMainThreadChecker */ = {
			isa = PBXNativeTarget;
			buildConfigurationList = 3F14AFA52085C88500CE4EE5 /* Build configuration list for PBXNativeTarget "HYPUIMainThreadChecker" */;
			buildPhases = (
				B9723C77B6C03B25DE3FD915 /* [CP] Check Pods Manifest.lock */,
				3F14AF972085C88500CE4EE5 /* Sources */,
				3F14AF982085C88500CE4EE5 /* Frameworks */,
				3F14AF992085C88500CE4EE5 /* Headers */,
				3F14AF9A2085C88500CE4EE5 /* Resources */,
				1B9C6D3C4F8321C244E6CFEB /* [CP] Copy Pods Resources */,
			);
			buildRules = (
			);
			dependencies = (
			);
			name = HYPUIMainThreadChecker;
			productName = HYPUIMainThreadChecker;
			productReference = 3F14AF9C2085C88500CE4EE5 /* HYPUIMainThreadChecker.framework */;
			productType = "com.apple.product-type.framework";
		};
		3F886640207F7317009760E3 /* HYPEnvironmentSelector */ = {
			isa = PBXNativeTarget;
			buildConfigurationList = 3F886649207F7317009760E3 /* Build configuration list for PBXNativeTarget "HYPEnvironmentSelector" */;
			buildPhases = (
				988A4EF38E927DC3C6AE5890 /* [CP] Check Pods Manifest.lock */,
				3F88663C207F7317009760E3 /* Sources */,
				3F88663D207F7317009760E3 /* Frameworks */,
				3F88663E207F7317009760E3 /* Headers */,
				3F88663F207F7317009760E3 /* Resources */,
				17C4E41C201DB7C6EF046666 /* [CP] Copy Pods Resources */,
			);
			buildRules = (
			);
			dependencies = (
			);
			name = HYPEnvironmentSelector;
			productName = HYPEnviromentSelector;
			productReference = 3F886641207F7317009760E3 /* HYPEnvironmentSelector.framework */;
			productType = "com.apple.product-type.framework";
		};
		3F886680207F7388009760E3 /* Example */ = {
			isa = PBXNativeTarget;
			buildConfigurationList = 3F886690207F7389009760E3 /* Build configuration list for PBXNativeTarget "Example" */;
			buildPhases = (
				1787FD9BCFCC50EE49C64CF0 /* [CP] Check Pods Manifest.lock */,
				3F88667D207F7388009760E3 /* Sources */,
				3F88667E207F7388009760E3 /* Frameworks */,
				3F88667F207F7388009760E3 /* Resources */,
				3F886697207F7500009760E3 /* Embed Frameworks */,
				7398F463DDE979D09F5DD73D /* [CP] Embed Pods Frameworks */,
				DC0049E551F475F89775E3CA /* [CP] Copy Pods Resources */,
			);
			buildRules = (
			);
			dependencies = (
				3FF95B842085F43100AE7D93 /* PBXTargetDependency */,
				3FA20F2B2084402C008B1402 /* PBXTargetDependency */,
				3F14AFA22085C88500CE4EE5 /* PBXTargetDependency */,
			);
			name = Example;
			productName = Example;
			productReference = 3F886681207F7388009760E3 /* Example.app */;
			productType = "com.apple.product-type.application";
		};
		3FA20F242084402C008B1402 /* HYPFPSMonitor */ = {
			isa = PBXNativeTarget;
			buildConfigurationList = 3FA20F302084402C008B1402 /* Build configuration list for PBXNativeTarget "HYPFPSMonitor" */;
			buildPhases = (
				A39F092B55C6B634E075B748 /* [CP] Check Pods Manifest.lock */,
				3FA20F202084402C008B1402 /* Sources */,
				3FA20F212084402C008B1402 /* Frameworks */,
				3FA20F222084402C008B1402 /* Headers */,
				3FA20F232084402C008B1402 /* Resources */,
				35C5616703DEE2A45FD96FFB /* [CP] Copy Pods Resources */,
			);
			buildRules = (
			);
			dependencies = (
			);
			name = HYPFPSMonitor;
			productName = HYPFPSMonitor;
			productReference = 3FA20F252084402C008B1402 /* HYPFPSMonitor.framework */;
			productType = "com.apple.product-type.framework";
		};
/* End PBXNativeTarget section */

/* Begin PBXProject section */
		3F886638207F7317009760E3 /* Project object */ = {
			isa = PBXProject;
			attributes = {
				LastSwiftUpdateCheck = 0930;
				LastUpgradeCheck = 0930;
				ORGANIZATIONNAME = TBD;
				TargetAttributes = {
					3F14AF9B2085C88500CE4EE5 = {
						CreatedOnToolsVersion = 9.3;
					};
					3F886640207F7317009760E3 = {
						CreatedOnToolsVersion = 9.3;
					};
					3F886680207F7388009760E3 = {
						CreatedOnToolsVersion = 9.3;
						LastSwiftMigration = 0930;
					};
					3FA20F242084402C008B1402 = {
						CreatedOnToolsVersion = 9.3;
					};
				};
			};
			buildConfigurationList = 3F88663B207F7317009760E3 /* Build configuration list for PBXProject "HyperioniOSExtension" */;
			compatibilityVersion = "Xcode 9.3";
			developmentRegion = en;
			hasScannedForEncodings = 0;
			knownRegions = (
				en,
				Base,
			);
			mainGroup = 3F886637207F7317009760E3;
			productRefGroup = 3F886642207F7317009760E3 /* Products */;
			projectDirPath = "";
			projectRoot = "";
			targets = (
				3F886640207F7317009760E3 /* HYPEnvironmentSelector */,
				3FA20F242084402C008B1402 /* HYPFPSMonitor */,
				3F14AF9B2085C88500CE4EE5 /* HYPUIMainThreadChecker */,
				3F886680207F7388009760E3 /* Example */,
			);
		};
/* End PBXProject section */

/* Begin PBXResourcesBuildPhase section */
		3F14AF9A2085C88500CE4EE5 /* Resources */ = {
			isa = PBXResourcesBuildPhase;
			buildActionMask = 2147483647;
			files = (
				3F55CEDF2085CAA500B1960F /* mainThreadCheck.png in Resources */,
				3F55CEE02085CAA500B1960F /* mainThreadCheck@2x.png in Resources */,
				3F55CEE12085CAA500B1960F /* mainThreadCheck@3x.png in Resources */,
			);
			runOnlyForDeploymentPostprocessing = 0;
		};
		3F88663F207F7317009760E3 /* Resources */ = {
			isa = PBXResourcesBuildPhase;
			buildActionMask = 2147483647;
			files = (
				3F886662207F7366009760E3 /* env@3x.png in Resources */,
				3F886661207F7366009760E3 /* env@2x.png in Resources */,
				3F886660207F7366009760E3 /* env.png in Resources */,
			);
			runOnlyForDeploymentPostprocessing = 0;
		};
		3F88667F207F7388009760E3 /* Resources */ = {
			isa = PBXResourcesBuildPhase;
			buildActionMask = 2147483647;
			files = (
				3F88668E207F7389009760E3 /* LaunchScreen.storyboard in Resources */,
				3F88668B207F7389009760E3 /* Assets.xcassets in Resources */,
				3F886689207F7388009760E3 /* Main.storyboard in Resources */,
			);
			runOnlyForDeploymentPostprocessing = 0;
		};
		3FA20F232084402C008B1402 /* Resources */ = {
			isa = PBXResourcesBuildPhase;
			buildActionMask = 2147483647;
			files = (
				3FA20F4320844900008B1402 /* fpsMonitor@3x.png in Resources */,
				3FA20F4220844900008B1402 /* fpsMonitor@2x.png in Resources */,
				3FA20F4120844900008B1402 /* fpsMonitor.png in Resources */,
			);
			runOnlyForDeploymentPostprocessing = 0;
		};
/* End PBXResourcesBuildPhase section */

/* Begin PBXShellScriptBuildPhase section */
		1787FD9BCFCC50EE49C64CF0 /* [CP] Check Pods Manifest.lock */ = {
			isa = PBXShellScriptBuildPhase;
			buildActionMask = 2147483647;
			files = (
			);
			inputPaths = (
				"${PODS_PODFILE_DIR_PATH}/Podfile.lock",
				"${PODS_ROOT}/Manifest.lock",
			);
			name = "[CP] Check Pods Manifest.lock";
			outputPaths = (
				"$(DERIVED_FILE_DIR)/Pods-Example-checkManifestLockResult.txt",
			);
			runOnlyForDeploymentPostprocessing = 0;
			shellPath = /bin/sh;
			shellScript = "diff \"${PODS_PODFILE_DIR_PATH}/Podfile.lock\" \"${PODS_ROOT}/Manifest.lock\" > /dev/null\nif [ $? != 0 ] ; then\n    # print error to STDERR\n    echo \"error: The sandbox is not in sync with the Podfile.lock. Run 'pod install' or update your CocoaPods installation.\" >&2\n    exit 1\nfi\n# This output is used by Xcode 'outputs' to avoid re-running this script phase.\necho \"SUCCESS\" > \"${SCRIPT_OUTPUT_FILE_0}\"\n";
			showEnvVarsInLog = 0;
		};
		17C4E41C201DB7C6EF046666 /* [CP] Copy Pods Resources */ = {
			isa = PBXShellScriptBuildPhase;
			buildActionMask = 2147483647;
			files = (
			);
			inputPaths = (
			);
			name = "[CP] Copy Pods Resources";
			outputPaths = (
			);
			runOnlyForDeploymentPostprocessing = 0;
			shellPath = /bin/sh;
			shellScript = "\"${SRCROOT}/Pods/Target Support Files/Pods-HYPEnvironmentSelector/Pods-HYPEnvironmentSelector-resources.sh\"\n";
			showEnvVarsInLog = 0;
		};
		1B9C6D3C4F8321C244E6CFEB /* [CP] Copy Pods Resources */ = {
			isa = PBXShellScriptBuildPhase;
			buildActionMask = 2147483647;
			files = (
			);
			inputPaths = (
			);
			name = "[CP] Copy Pods Resources";
			outputPaths = (
			);
			runOnlyForDeploymentPostprocessing = 0;
			shellPath = /bin/sh;
			shellScript = "\"${SRCROOT}/Pods/Target Support Files/Pods-HYPUIMainThreadChecker/Pods-HYPUIMainThreadChecker-resources.sh\"\n";
			showEnvVarsInLog = 0;
		};
		35C5616703DEE2A45FD96FFB /* [CP] Copy Pods Resources */ = {
			isa = PBXShellScriptBuildPhase;
			buildActionMask = 2147483647;
			files = (
			);
			inputPaths = (
			);
			name = "[CP] Copy Pods Resources";
			outputPaths = (
			);
			runOnlyForDeploymentPostprocessing = 0;
			shellPath = /bin/sh;
			shellScript = "\"${SRCROOT}/Pods/Target Support Files/Pods-HYPFPSMonitor/Pods-HYPFPSMonitor-resources.sh\"\n";
			showEnvVarsInLog = 0;
		};
		7398F463DDE979D09F5DD73D /* [CP] Embed Pods Frameworks */ = {
			isa = PBXShellScriptBuildPhase;
			buildActionMask = 2147483647;
			files = (
			);
			inputPaths = (
				"${SRCROOT}/Pods/Target Support Files/Pods-Example/Pods-Example-frameworks.sh",
				"${BUILT_PRODUCTS_DIR}/HyperioniOS/HyperioniOS.framework",
			);
			name = "[CP] Embed Pods Frameworks";
			outputPaths = (
				"${TARGET_BUILD_DIR}/${FRAMEWORKS_FOLDER_PATH}/HyperioniOS.framework",
			);
			runOnlyForDeploymentPostprocessing = 0;
			shellPath = /bin/sh;
			shellScript = "\"${SRCROOT}/Pods/Target Support Files/Pods-Example/Pods-Example-frameworks.sh\"\n";
			showEnvVarsInLog = 0;
		};
		988A4EF38E927DC3C6AE5890 /* [CP] Check Pods Manifest.lock */ = {
			isa = PBXShellScriptBuildPhase;
			buildActionMask = 2147483647;
			files = (
			);
			inputPaths = (
				"${PODS_PODFILE_DIR_PATH}/Podfile.lock",
				"${PODS_ROOT}/Manifest.lock",
			);
			name = "[CP] Check Pods Manifest.lock";
			outputPaths = (
				"$(DERIVED_FILE_DIR)/Pods-HYPEnvironmentSelector-checkManifestLockResult.txt",
			);
			runOnlyForDeploymentPostprocessing = 0;
			shellPath = /bin/sh;
			shellScript = "diff \"${PODS_PODFILE_DIR_PATH}/Podfile.lock\" \"${PODS_ROOT}/Manifest.lock\" > /dev/null\nif [ $? != 0 ] ; then\n    # print error to STDERR\n    echo \"error: The sandbox is not in sync with the Podfile.lock. Run 'pod install' or update your CocoaPods installation.\" >&2\n    exit 1\nfi\n# This output is used by Xcode 'outputs' to avoid re-running this script phase.\necho \"SUCCESS\" > \"${SCRIPT_OUTPUT_FILE_0}\"\n";
			showEnvVarsInLog = 0;
		};
		A39F092B55C6B634E075B748 /* [CP] Check Pods Manifest.lock */ = {
			isa = PBXShellScriptBuildPhase;
			buildActionMask = 2147483647;
			files = (
			);
			inputPaths = (
				"${PODS_PODFILE_DIR_PATH}/Podfile.lock",
				"${PODS_ROOT}/Manifest.lock",
			);
			name = "[CP] Check Pods Manifest.lock";
			outputPaths = (
				"$(DERIVED_FILE_DIR)/Pods-HYPFPSMonitor-checkManifestLockResult.txt",
			);
			runOnlyForDeploymentPostprocessing = 0;
			shellPath = /bin/sh;
			shellScript = "diff \"${PODS_PODFILE_DIR_PATH}/Podfile.lock\" \"${PODS_ROOT}/Manifest.lock\" > /dev/null\nif [ $? != 0 ] ; then\n    # print error to STDERR\n    echo \"error: The sandbox is not in sync with the Podfile.lock. Run 'pod install' or update your CocoaPods installation.\" >&2\n    exit 1\nfi\n# This output is used by Xcode 'outputs' to avoid re-running this script phase.\necho \"SUCCESS\" > \"${SCRIPT_OUTPUT_FILE_0}\"\n";
			showEnvVarsInLog = 0;
		};
		B9723C77B6C03B25DE3FD915 /* [CP] Check Pods Manifest.lock */ = {
			isa = PBXShellScriptBuildPhase;
			buildActionMask = 2147483647;
			files = (
			);
			inputPaths = (
				"${PODS_PODFILE_DIR_PATH}/Podfile.lock",
				"${PODS_ROOT}/Manifest.lock",
			);
			name = "[CP] Check Pods Manifest.lock";
			outputPaths = (
				"$(DERIVED_FILE_DIR)/Pods-HYPUIMainThreadChecker-checkManifestLockResult.txt",
			);
			runOnlyForDeploymentPostprocessing = 0;
			shellPath = /bin/sh;
			shellScript = "diff \"${PODS_PODFILE_DIR_PATH}/Podfile.lock\" \"${PODS_ROOT}/Manifest.lock\" > /dev/null\nif [ $? != 0 ] ; then\n    # print error to STDERR\n    echo \"error: The sandbox is not in sync with the Podfile.lock. Run 'pod install' or update your CocoaPods installation.\" >&2\n    exit 1\nfi\n# This output is used by Xcode 'outputs' to avoid re-running this script phase.\necho \"SUCCESS\" > \"${SCRIPT_OUTPUT_FILE_0}\"\n";
			showEnvVarsInLog = 0;
		};
		DC0049E551F475F89775E3CA /* [CP] Copy Pods Resources */ = {
			isa = PBXShellScriptBuildPhase;
			buildActionMask = 2147483647;
			files = (
			);
			inputPaths = (
			);
			name = "[CP] Copy Pods Resources";
			outputPaths = (
			);
			runOnlyForDeploymentPostprocessing = 0;
			shellPath = /bin/sh;
			shellScript = "\"${SRCROOT}/Pods/Target Support Files/Pods-Example/Pods-Example-resources.sh\"\n";
			showEnvVarsInLog = 0;
		};
/* End PBXShellScriptBuildPhase section */

/* Begin PBXSourcesBuildPhase section */
		3F14AF972085C88500CE4EE5 /* Sources */ = {
			isa = PBXSourcesBuildPhase;
			buildActionMask = 2147483647;
			files = (
				3F14AFA82085C89A00CE4EE5 /* UIView+HYPUIMainThreadChecker.m in Sources */,
				3F14AFA92085C89A00CE4EE5 /* HYPUIMainThreadCheckerPluginModule.m in Sources */,
				3F14AFAA2085C89A00CE4EE5 /* HYPUIMainThreadCheckerPlugin.m in Sources */,
			);
			runOnlyForDeploymentPostprocessing = 0;
		};
		3F88663C207F7317009760E3 /* Sources */ = {
			isa = PBXSourcesBuildPhase;
			buildActionMask = 2147483647;
			files = (
				3FA8F1C62080A4340015BEE0 /* HYPEnvironmentSelectorEditItemViewController.m in Sources */,
				3FA8F1BA20803B500015BEE0 /* HYPEnvironmentSelectorViewController.m in Sources */,
				3F886656207F735A009760E3 /* HYPEnvironmentItemManage.m in Sources */,
				3FA8F1CA2080A6720015BEE0 /* HYPEnvironmentInfoEditCell.m in Sources */,
				3F886659207F735A009760E3 /* HYPEnvironmentSelectorPluginModule.m in Sources */,
				3FA8F1D120819DA90015BEE0 /* HYPEnvironmentInfoCell.m in Sources */,
				3F88665A207F735A009760E3 /* HYPEnvironmentSelectorPlugin.m in Sources */,
			);
			runOnlyForDeploymentPostprocessing = 0;
		};
		3F88667D207F7388009760E3 /* Sources */ = {
			isa = PBXSourcesBuildPhase;
			buildActionMask = 2147483647;
			files = (
				3F886686207F7388009760E3 /* ViewController.swift in Sources */,
				3F55CEE72085D88500B1960F /* MyEnvItem.m in Sources */,
				3F886684207F7388009760E3 /* AppDelegate.swift in Sources */,
			);
			runOnlyForDeploymentPostprocessing = 0;
		};
		3FA20F202084402C008B1402 /* Sources */ = {
			isa = PBXSourcesBuildPhase;
			buildActionMask = 2147483647;
			files = (
				3FA20F3420844062008B1402 /* HYPFPSMonitorPlugin.m in Sources */,
				3FA20F4720844D8F008B1402 /* HYPFPSMonitorManager.m in Sources */,
				3FA20F3820844731008B1402 /* HYPFPSMonitorPluginModule.m in Sources */,
			);
			runOnlyForDeploymentPostprocessing = 0;
		};
/* End PBXSourcesBuildPhase section */

/* Begin PBXTargetDependency section */
		3F14AFA22085C88500CE4EE5 /* PBXTargetDependency */ = {
			isa = PBXTargetDependency;
			target = 3F14AF9B2085C88500CE4EE5 /* HYPUIMainThreadChecker */;
			targetProxy = 3F14AFA12085C88500CE4EE5 /* PBXContainerItemProxy */;
		};
		3FA20F2B2084402C008B1402 /* PBXTargetDependency */ = {
			isa = PBXTargetDependency;
			target = 3FA20F242084402C008B1402 /* HYPFPSMonitor */;
			targetProxy = 3FA20F2A2084402C008B1402 /* PBXContainerItemProxy */;
		};
		3FF95B842085F43100AE7D93 /* PBXTargetDependency */ = {
			isa = PBXTargetDependency;
			target = 3F886640207F7317009760E3 /* HYPEnvironmentSelector */;
			targetProxy = 3FF95B832085F43100AE7D93 /* PBXContainerItemProxy */;
		};
/* End PBXTargetDependency section */

/* Begin PBXVariantGroup section */
		3F886687207F7388009760E3 /* Main.storyboard */ = {
			isa = PBXVariantGroup;
			children = (
				3F886688207F7388009760E3 /* Base */,
			);
			name = Main.storyboard;
			sourceTree = "<group>";
		};
		3F88668C207F7389009760E3 /* LaunchScreen.storyboard */ = {
			isa = PBXVariantGroup;
			children = (
				3F88668D207F7389009760E3 /* Base */,
			);
			name = LaunchScreen.storyboard;
			sourceTree = "<group>";
		};
/* End PBXVariantGroup section */

/* Begin XCBuildConfiguration section */
		3F14AFA62085C88500CE4EE5 /* Debug */ = {
			isa = XCBuildConfiguration;
			baseConfigurationReference = 7F76C635CCFF10AD510BA273 /* Pods-HYPUIMainThreadChecker.debug.xcconfig */;
			buildSettings = {
				CODE_SIGN_IDENTITY = "";
				CODE_SIGN_STYLE = Automatic;
				DEFINES_MODULE = YES;
				DEVELOPMENT_TEAM = TS9WTSBK78;
				DYLIB_COMPATIBILITY_VERSION = 1;
				DYLIB_CURRENT_VERSION = 1;
				DYLIB_INSTALL_NAME_BASE = "@rpath";
				INFOPLIST_FILE = HYPUIMainThreadChecker/Info.plist;
				INSTALL_PATH = "$(LOCAL_LIBRARY_DIR)/Frameworks";
				LD_RUNPATH_SEARCH_PATHS = (
					"$(inherited)",
					"@executable_path/Frameworks",
					"@loader_path/Frameworks",
				);
				PRODUCT_BUNDLE_IDENTIFIER = tbd.tech.HYPUIMainThreadChecker;
				PRODUCT_NAME = "$(TARGET_NAME:c99extidentifier)";
				SKIP_INSTALL = YES;
				TARGETED_DEVICE_FAMILY = "1,2";
			};
			name = Debug;
		};
		3F14AFA72085C88500CE4EE5 /* Release */ = {
			isa = XCBuildConfiguration;
			baseConfigurationReference = 2995F6DDDC070EEB4D268065 /* Pods-HYPUIMainThreadChecker.release.xcconfig */;
			buildSettings = {
				CODE_SIGN_IDENTITY = "";
				CODE_SIGN_STYLE = Automatic;
				DEFINES_MODULE = YES;
				DEVELOPMENT_TEAM = TS9WTSBK78;
				DYLIB_COMPATIBILITY_VERSION = 1;
				DYLIB_CURRENT_VERSION = 1;
				DYLIB_INSTALL_NAME_BASE = "@rpath";
				INFOPLIST_FILE = HYPUIMainThreadChecker/Info.plist;
				INSTALL_PATH = "$(LOCAL_LIBRARY_DIR)/Frameworks";
				LD_RUNPATH_SEARCH_PATHS = (
					"$(inherited)",
					"@executable_path/Frameworks",
					"@loader_path/Frameworks",
				);
				PRODUCT_BUNDLE_IDENTIFIER = tbd.tech.HYPUIMainThreadChecker;
				PRODUCT_NAME = "$(TARGET_NAME:c99extidentifier)";
				SKIP_INSTALL = YES;
				TARGETED_DEVICE_FAMILY = "1,2";
			};
			name = Release;
		};
		3F886647207F7317009760E3 /* Debug */ = {
			isa = XCBuildConfiguration;
			buildSettings = {
				ALWAYS_SEARCH_USER_PATHS = NO;
				CLANG_ANALYZER_NONNULL = YES;
				CLANG_ANALYZER_NUMBER_OBJECT_CONVERSION = YES_AGGRESSIVE;
				CLANG_CXX_LANGUAGE_STANDARD = "gnu++14";
				CLANG_CXX_LIBRARY = "libc++";
				CLANG_ENABLE_MODULES = YES;
				CLANG_ENABLE_OBJC_ARC = YES;
				CLANG_ENABLE_OBJC_WEAK = YES;
				CLANG_WARN_BLOCK_CAPTURE_AUTORELEASING = YES;
				CLANG_WARN_BOOL_CONVERSION = YES;
				CLANG_WARN_COMMA = YES;
				CLANG_WARN_CONSTANT_CONVERSION = YES;
				CLANG_WARN_DEPRECATED_OBJC_IMPLEMENTATIONS = YES;
				CLANG_WARN_DIRECT_OBJC_ISA_USAGE = YES_ERROR;
				CLANG_WARN_DOCUMENTATION_COMMENTS = YES;
				CLANG_WARN_EMPTY_BODY = YES;
				CLANG_WARN_ENUM_CONVERSION = YES;
				CLANG_WARN_INFINITE_RECURSION = YES;
				CLANG_WARN_INT_CONVERSION = YES;
				CLANG_WARN_NON_LITERAL_NULL_CONVERSION = YES;
				CLANG_WARN_OBJC_IMPLICIT_RETAIN_SELF = YES;
				CLANG_WARN_OBJC_LITERAL_CONVERSION = YES;
				CLANG_WARN_OBJC_ROOT_CLASS = YES_ERROR;
				CLANG_WARN_RANGE_LOOP_ANALYSIS = YES;
				CLANG_WARN_STRICT_PROTOTYPES = YES;
				CLANG_WARN_SUSPICIOUS_MOVE = YES;
				CLANG_WARN_UNGUARDED_AVAILABILITY = YES_AGGRESSIVE;
				CLANG_WARN_UNREACHABLE_CODE = YES;
				CLANG_WARN__DUPLICATE_METHOD_MATCH = YES;
				CODE_SIGN_IDENTITY = "iPhone Developer";
				COPY_PHASE_STRIP = NO;
				CURRENT_PROJECT_VERSION = 1;
				DEBUG_INFORMATION_FORMAT = dwarf;
				ENABLE_STRICT_OBJC_MSGSEND = YES;
				ENABLE_TESTABILITY = YES;
				GCC_C_LANGUAGE_STANDARD = gnu11;
				GCC_DYNAMIC_NO_PIC = NO;
				GCC_NO_COMMON_BLOCKS = YES;
				GCC_OPTIMIZATION_LEVEL = 0;
				GCC_PREPROCESSOR_DEFINITIONS = (
					"DEBUG=1",
					"$(inherited)",
				);
				GCC_WARN_64_TO_32_BIT_CONVERSION = YES;
				GCC_WARN_ABOUT_RETURN_TYPE = YES_ERROR;
				GCC_WARN_UNDECLARED_SELECTOR = YES;
				GCC_WARN_UNINITIALIZED_AUTOS = YES_AGGRESSIVE;
				GCC_WARN_UNUSED_FUNCTION = YES;
				GCC_WARN_UNUSED_VARIABLE = YES;
				IPHONEOS_DEPLOYMENT_TARGET = 11.3;
				MTL_ENABLE_DEBUG_INFO = YES;
				ONLY_ACTIVE_ARCH = YES;
				SDKROOT = iphoneos;
				VERSIONING_SYSTEM = "apple-generic";
				VERSION_INFO_PREFIX = "";
			};
			name = Debug;
		};
		3F886648207F7317009760E3 /* Release */ = {
			isa = XCBuildConfiguration;
			buildSettings = {
				ALWAYS_SEARCH_USER_PATHS = NO;
				CLANG_ANALYZER_NONNULL = YES;
				CLANG_ANALYZER_NUMBER_OBJECT_CONVERSION = YES_AGGRESSIVE;
				CLANG_CXX_LANGUAGE_STANDARD = "gnu++14";
				CLANG_CXX_LIBRARY = "libc++";
				CLANG_ENABLE_MODULES = YES;
				CLANG_ENABLE_OBJC_ARC = YES;
				CLANG_ENABLE_OBJC_WEAK = YES;
				CLANG_WARN_BLOCK_CAPTURE_AUTORELEASING = YES;
				CLANG_WARN_BOOL_CONVERSION = YES;
				CLANG_WARN_COMMA = YES;
				CLANG_WARN_CONSTANT_CONVERSION = YES;
				CLANG_WARN_DEPRECATED_OBJC_IMPLEMENTATIONS = YES;
				CLANG_WARN_DIRECT_OBJC_ISA_USAGE = YES_ERROR;
				CLANG_WARN_DOCUMENTATION_COMMENTS = YES;
				CLANG_WARN_EMPTY_BODY = YES;
				CLANG_WARN_ENUM_CONVERSION = YES;
				CLANG_WARN_INFINITE_RECURSION = YES;
				CLANG_WARN_INT_CONVERSION = YES;
				CLANG_WARN_NON_LITERAL_NULL_CONVERSION = YES;
				CLANG_WARN_OBJC_IMPLICIT_RETAIN_SELF = YES;
				CLANG_WARN_OBJC_LITERAL_CONVERSION = YES;
				CLANG_WARN_OBJC_ROOT_CLASS = YES_ERROR;
				CLANG_WARN_RANGE_LOOP_ANALYSIS = YES;
				CLANG_WARN_STRICT_PROTOTYPES = YES;
				CLANG_WARN_SUSPICIOUS_MOVE = YES;
				CLANG_WARN_UNGUARDED_AVAILABILITY = YES_AGGRESSIVE;
				CLANG_WARN_UNREACHABLE_CODE = YES;
				CLANG_WARN__DUPLICATE_METHOD_MATCH = YES;
				CODE_SIGN_IDENTITY = "iPhone Developer";
				COPY_PHASE_STRIP = NO;
				CURRENT_PROJECT_VERSION = 1;
				DEBUG_INFORMATION_FORMAT = "dwarf-with-dsym";
				ENABLE_NS_ASSERTIONS = NO;
				ENABLE_STRICT_OBJC_MSGSEND = YES;
				GCC_C_LANGUAGE_STANDARD = gnu11;
				GCC_NO_COMMON_BLOCKS = YES;
				GCC_WARN_64_TO_32_BIT_CONVERSION = YES;
				GCC_WARN_ABOUT_RETURN_TYPE = YES_ERROR;
				GCC_WARN_UNDECLARED_SELECTOR = YES;
				GCC_WARN_UNINITIALIZED_AUTOS = YES_AGGRESSIVE;
				GCC_WARN_UNUSED_FUNCTION = YES;
				GCC_WARN_UNUSED_VARIABLE = YES;
				IPHONEOS_DEPLOYMENT_TARGET = 11.3;
				MTL_ENABLE_DEBUG_INFO = NO;
				SDKROOT = iphoneos;
				VALIDATE_PRODUCT = YES;
				VERSIONING_SYSTEM = "apple-generic";
				VERSION_INFO_PREFIX = "";
			};
			name = Release;
		};
		3F88664A207F7317009760E3 /* Debug */ = {
			isa = XCBuildConfiguration;
			baseConfigurationReference = 42470BB1473038DBF7143011 /* Pods-HYPEnvironmentSelector.debug.xcconfig */;
			buildSettings = {
				CODE_SIGN_IDENTITY = "";
				CODE_SIGN_STYLE = Automatic;
				DEFINES_MODULE = YES;
				DEVELOPMENT_TEAM = TS9WTSBK78;
				DYLIB_COMPATIBILITY_VERSION = 1;
				DYLIB_CURRENT_VERSION = 1;
				DYLIB_INSTALL_NAME_BASE = "@rpath";
				INFOPLIST_FILE = "$(SRCROOT)/HYPEnvironmentSelector/Info.plist";
				INSTALL_PATH = "$(LOCAL_LIBRARY_DIR)/Frameworks";
				LD_RUNPATH_SEARCH_PATHS = (
					"$(inherited)",
					"@executable_path/Frameworks",
					"@loader_path/Frameworks",
				);
				PRODUCT_BUNDLE_IDENTIFIER = tbd.tech.HYPEnvironmentSelector;
				PRODUCT_NAME = "$(TARGET_NAME:c99extidentifier)";
				SKIP_INSTALL = YES;
				TARGETED_DEVICE_FAMILY = "1,2";
			};
			name = Debug;
		};
		3F88664B207F7317009760E3 /* Release */ = {
			isa = XCBuildConfiguration;
			baseConfigurationReference = 505EEE7269718E53B081973B /* Pods-HYPEnvironmentSelector.release.xcconfig */;
			buildSettings = {
				CODE_SIGN_IDENTITY = "";
				CODE_SIGN_STYLE = Automatic;
				DEFINES_MODULE = YES;
				DEVELOPMENT_TEAM = TS9WTSBK78;
				DYLIB_COMPATIBILITY_VERSION = 1;
				DYLIB_CURRENT_VERSION = 1;
				DYLIB_INSTALL_NAME_BASE = "@rpath";
				INFOPLIST_FILE = "$(SRCROOT)/HYPEnvironmentSelector/Info.plist";
				INSTALL_PATH = "$(LOCAL_LIBRARY_DIR)/Frameworks";
				LD_RUNPATH_SEARCH_PATHS = (
					"$(inherited)",
					"@executable_path/Frameworks",
					"@loader_path/Frameworks",
				);
				PRODUCT_BUNDLE_IDENTIFIER = tbd.tech.HYPEnvironmentSelector;
				PRODUCT_NAME = "$(TARGET_NAME:c99extidentifier)";
				SKIP_INSTALL = YES;
				TARGETED_DEVICE_FAMILY = "1,2";
			};
			name = Release;
		};
		3F886691207F7389009760E3 /* Debug */ = {
			isa = XCBuildConfiguration;
			baseConfigurationReference = 36EC2D7824E5F9823D947F2C /* Pods-Example.debug.xcconfig */;
			buildSettings = {
				ASSETCATALOG_COMPILER_APPICON_NAME = AppIcon;
				CLANG_ENABLE_MODULES = YES;
				CODE_SIGN_STYLE = Automatic;
				DEVELOPMENT_TEAM = TS9WTSBK78;
				INFOPLIST_FILE = Example/Info.plist;
				LD_RUNPATH_SEARCH_PATHS = (
					"$(inherited)",
					"@executable_path/Frameworks",
				);
				PRODUCT_BUNDLE_IDENTIFIER = tbd.tech.Example;
				PRODUCT_NAME = "$(TARGET_NAME)";
				SWIFT_ACTIVE_COMPILATION_CONDITIONS = DEBUG;
				SWIFT_OBJC_BRIDGING_HEADER = "Example/Example-Bridging-Header.h";
				SWIFT_OPTIMIZATION_LEVEL = "-Onone";
				SWIFT_VERSION = 4.0;
				TARGETED_DEVICE_FAMILY = "1,2";
			};
			name = Debug;
		};
		3F886692207F7389009760E3 /* Release */ = {
			isa = XCBuildConfiguration;
			baseConfigurationReference = 51E5801663D749F6E0CEBE4D /* Pods-Example.release.xcconfig */;
			buildSettings = {
				ASSETCATALOG_COMPILER_APPICON_NAME = AppIcon;
				CLANG_ENABLE_MODULES = YES;
				CODE_SIGN_STYLE = Automatic;
				DEVELOPMENT_TEAM = TS9WTSBK78;
				INFOPLIST_FILE = Example/Info.plist;
				LD_RUNPATH_SEARCH_PATHS = (
					"$(inherited)",
					"@executable_path/Frameworks",
				);
				PRODUCT_BUNDLE_IDENTIFIER = tbd.tech.Example;
				PRODUCT_NAME = "$(TARGET_NAME)";
				SWIFT_COMPILATION_MODE = wholemodule;
				SWIFT_OBJC_BRIDGING_HEADER = "Example/Example-Bridging-Header.h";
				SWIFT_OPTIMIZATION_LEVEL = "-O";
				SWIFT_VERSION = 4.0;
				TARGETED_DEVICE_FAMILY = "1,2";
			};
			name = Release;
		};
		3FA20F2E2084402C008B1402 /* Debug */ = {
			isa = XCBuildConfiguration;
			baseConfigurationReference = 4F0459C04175FAD28001D34B /* Pods-HYPFPSMonitor.debug.xcconfig */;
			buildSettings = {
				CODE_SIGN_IDENTITY = "";
				CODE_SIGN_STYLE = Automatic;
				DEFINES_MODULE = YES;
				DEVELOPMENT_TEAM = TS9WTSBK78;
				DYLIB_COMPATIBILITY_VERSION = 1;
				DYLIB_CURRENT_VERSION = 1;
				DYLIB_INSTALL_NAME_BASE = "@rpath";
				INFOPLIST_FILE = HYPFPSMonitor/Info.plist;
				INSTALL_PATH = "$(LOCAL_LIBRARY_DIR)/Frameworks";
				LD_RUNPATH_SEARCH_PATHS = (
					"$(inherited)",
					"@executable_path/Frameworks",
					"@loader_path/Frameworks",
				);
				PRODUCT_BUNDLE_IDENTIFIER = tbd.tech.HYPFPSMonitor;
				PRODUCT_NAME = "$(TARGET_NAME:c99extidentifier)";
				SKIP_INSTALL = YES;
				TARGETED_DEVICE_FAMILY = "1,2";
			};
			name = Debug;
		};
		3FA20F2F2084402C008B1402 /* Release */ = {
			isa = XCBuildConfiguration;
			baseConfigurationReference = 7345F310DD8A053BCE9DC07D /* Pods-HYPFPSMonitor.release.xcconfig */;
			buildSettings = {
				CODE_SIGN_IDENTITY = "";
				CODE_SIGN_STYLE = Automatic;
				DEFINES_MODULE = YES;
				DEVELOPMENT_TEAM = TS9WTSBK78;
				DYLIB_COMPATIBILITY_VERSION = 1;
				DYLIB_CURRENT_VERSION = 1;
				DYLIB_INSTALL_NAME_BASE = "@rpath";
				INFOPLIST_FILE = HYPFPSMonitor/Info.plist;
				INSTALL_PATH = "$(LOCAL_LIBRARY_DIR)/Frameworks";
				LD_RUNPATH_SEARCH_PATHS = (
					"$(inherited)",
					"@executable_path/Frameworks",
					"@loader_path/Frameworks",
				);
				PRODUCT_BUNDLE_IDENTIFIER = tbd.tech.HYPFPSMonitor;
				PRODUCT_NAME = "$(TARGET_NAME:c99extidentifier)";
				SKIP_INSTALL = YES;
				TARGETED_DEVICE_FAMILY = "1,2";
			};
			name = Release;
		};
/* End XCBuildConfiguration section */

/* Begin XCConfigurationList section */
		3F14AFA52085C88500CE4EE5 /* Build configuration list for PBXNativeTarget "HYPUIMainThreadChecker" */ = {
			isa = XCConfigurationList;
			buildConfigurations = (
				3F14AFA62085C88500CE4EE5 /* Debug */,
				3F14AFA72085C88500CE4EE5 /* Release */,
			);
			defaultConfigurationIsVisible = 0;
			defaultConfigurationName = Release;
		};
		3F88663B207F7317009760E3 /* Build configuration list for PBXProject "HyperioniOSExtension" */ = {
			isa = XCConfigurationList;
			buildConfigurations = (
				3F886647207F7317009760E3 /* Debug */,
				3F886648207F7317009760E3 /* Release */,
			);
			defaultConfigurationIsVisible = 0;
			defaultConfigurationName = Release;
		};
		3F886649207F7317009760E3 /* Build configuration list for PBXNativeTarget "HYPEnvironmentSelector" */ = {
			isa = XCConfigurationList;
			buildConfigurations = (
				3F88664A207F7317009760E3 /* Debug */,
				3F88664B207F7317009760E3 /* Release */,
			);
			defaultConfigurationIsVisible = 0;
			defaultConfigurationName = Release;
		};
		3F886690207F7389009760E3 /* Build configuration list for PBXNativeTarget "Example" */ = {
			isa = XCConfigurationList;
			buildConfigurations = (
				3F886691207F7389009760E3 /* Debug */,
				3F886692207F7389009760E3 /* Release */,
			);
			defaultConfigurationIsVisible = 0;
			defaultConfigurationName = Release;
		};
		3FA20F302084402C008B1402 /* Build configuration list for PBXNativeTarget "HYPFPSMonitor" */ = {
			isa = XCConfigurationList;
			buildConfigurations = (
				3FA20F2E2084402C008B1402 /* Debug */,
				3FA20F2F2084402C008B1402 /* Release */,
			);
			defaultConfigurationIsVisible = 0;
			defaultConfigurationName = Release;
		};
/* End XCConfigurationList section */
	};
	rootObject = 3F886638207F7317009760E3 /* Project object */;
}
