// !$*UTF8*$!
{
	archiveVersion = 1;
	classes = {
	};
	objectVersion = 50;
	objects = {

/* Begin PBXBuildFile section */
		3F886646207F7317009760E3 /* HYPEnviromentSelector.h in Headers */ = {isa = PBXBuildFile; fileRef = 3F886644207F7317009760E3 /* HYPEnviromentSelector.h */; settings = {ATTRIBUTES = (Public, ); }; };
		3F886654207F735A009760E3 /* HYPEnvironmentSelectorPluginModule.h in Headers */ = {isa = PBXBuildFile; fileRef = 3F88664C207F7358009760E3 /* HYPEnvironmentSelectorPluginModule.h */; settings = {ATTRIBUTES = (Public, ); }; };
		3F886655207F735A009760E3 /* HYPEnvironmentItemManage.h in Headers */ = {isa = PBXBuildFile; fileRef = 3F88664D207F7359009760E3 /* HYPEnvironmentItemManage.h */; settings = {ATTRIBUTES = (Public, ); }; };
		3F886656207F735A009760E3 /* HYPEnvironmentItemManage.m in Sources */ = {isa = PBXBuildFile; fileRef = 3F88664E207F7359009760E3 /* HYPEnvironmentItemManage.m */; };
		3F886657207F735A009760E3 /* HYPEnvironmentSelectorPluginMenuItem.h in Headers */ = {isa = PBXBuildFile; fileRef = 3F88664F207F7359009760E3 /* HYPEnvironmentSelectorPluginMenuItem.h */; settings = {ATTRIBUTES = (Public, ); }; };
		3F886658207F735A009760E3 /* HYPEnvironmentSelectorPluginMenuItem.m in Sources */ = {isa = PBXBuildFile; fileRef = 3F886650207F7359009760E3 /* HYPEnvironmentSelectorPluginMenuItem.m */; };
		3F886659207F735A009760E3 /* HYPEnvironmentSelectorPluginModule.m in Sources */ = {isa = PBXBuildFile; fileRef = 3F886651207F7359009760E3 /* HYPEnvironmentSelectorPluginModule.m */; };
		3F88665A207F735A009760E3 /* HYPEnvironmentSelectorPlugin.m in Sources */ = {isa = PBXBuildFile; fileRef = 3F886652207F7359009760E3 /* HYPEnvironmentSelectorPlugin.m */; };
		3F88665B207F735A009760E3 /* HYPEnvironmentSelectorPlugin.h in Headers */ = {isa = PBXBuildFile; fileRef = 3F886653207F7359009760E3 /* HYPEnvironmentSelectorPlugin.h */; settings = {ATTRIBUTES = (Public, ); }; };
		3F886660207F7366009760E3 /* env.png in Resources */ = {isa = PBXBuildFile; fileRef = 3F88665D207F7366009760E3 /* env.png */; };
		3F886661207F7366009760E3 /* env@2x.png in Resources */ = {isa = PBXBuildFile; fileRef = 3F88665E207F7366009760E3 /* env@2x.png */; };
		3F886662207F7366009760E3 /* env@3x.png in Resources */ = {isa = PBXBuildFile; fileRef = 3F88665F207F7366009760E3 /* env@3x.png */; };
		3F886684207F7388009760E3 /* AppDelegate.swift in Sources */ = {isa = PBXBuildFile; fileRef = 3F886683207F7388009760E3 /* AppDelegate.swift */; };
		3F886686207F7388009760E3 /* ViewController.swift in Sources */ = {isa = PBXBuildFile; fileRef = 3F886685207F7388009760E3 /* ViewController.swift */; };
		3F886689207F7388009760E3 /* Main.storyboard in Resources */ = {isa = PBXBuildFile; fileRef = 3F886687207F7388009760E3 /* Main.storyboard */; };
		3F88668B207F7389009760E3 /* Assets.xcassets in Resources */ = {isa = PBXBuildFile; fileRef = 3F88668A207F7389009760E3 /* Assets.xcassets */; };
		3F88668E207F7389009760E3 /* LaunchScreen.storyboard in Resources */ = {isa = PBXBuildFile; fileRef = 3F88668C207F7389009760E3 /* LaunchScreen.storyboard */; };
		3F886693207F7500009760E3 /* HYPEnviromentSelector.framework in Frameworks */ = {isa = PBXBuildFile; fileRef = 3F886641207F7317009760E3 /* HYPEnviromentSelector.framework */; };
		3F886694207F7500009760E3 /* HYPEnviromentSelector.framework in Embed Frameworks */ = {isa = PBXBuildFile; fileRef = 3F886641207F7317009760E3 /* HYPEnviromentSelector.framework */; settings = {ATTRIBUTES = (CodeSignOnCopy, RemoveHeadersOnCopy, ); }; };
		3FA8F1B920803B500015BEE0 /* HYPEnvironmentSelectorViewController.h in Headers */ = {isa = PBXBuildFile; fileRef = 3FA8F1B720803B500015BEE0 /* HYPEnvironmentSelectorViewController.h */; settings = {ATTRIBUTES = (Public, ); }; };
		3FA8F1BA20803B500015BEE0 /* HYPEnvironmentSelectorViewController.m in Sources */ = {isa = PBXBuildFile; fileRef = 3FA8F1B820803B500015BEE0 /* HYPEnvironmentSelectorViewController.m */; };
		3FA8F1C52080A4340015BEE0 /* HYPEnvironmentSelectorEditItemViewController.h in Headers */ = {isa = PBXBuildFile; fileRef = 3FA8F1C32080A4340015BEE0 /* HYPEnvironmentSelectorEditItemViewController.h */; settings = {ATTRIBUTES = (Public, ); }; };
		3FA8F1C62080A4340015BEE0 /* HYPEnvironmentSelectorEditItemViewController.m in Sources */ = {isa = PBXBuildFile; fileRef = 3FA8F1C42080A4340015BEE0 /* HYPEnvironmentSelectorEditItemViewController.m */; };
		3FA8F1C92080A6720015BEE0 /* HYPEnvironmentInfoEditCell.h in Headers */ = {isa = PBXBuildFile; fileRef = 3FA8F1C72080A6720015BEE0 /* HYPEnvironmentInfoEditCell.h */; settings = {ATTRIBUTES = (Public, ); }; };
		3FA8F1CA2080A6720015BEE0 /* HYPEnvironmentInfoEditCell.m in Sources */ = {isa = PBXBuildFile; fileRef = 3FA8F1C82080A6720015BEE0 /* HYPEnvironmentInfoEditCell.m */; };
		3FA8F1D020819DA90015BEE0 /* HYPEnvironmentInfoCell.h in Headers */ = {isa = PBXBuildFile; fileRef = 3FA8F1CE20819DA90015BEE0 /* HYPEnvironmentInfoCell.h */; settings = {ATTRIBUTES = (Public, ); }; };
		3FA8F1D120819DA90015BEE0 /* HYPEnvironmentInfoCell.m in Sources */ = {isa = PBXBuildFile; fileRef = 3FA8F1CF20819DA90015BEE0 /* HYPEnvironmentInfoCell.m */; };
		9EE5A05B87CFAF598939CEA4 /* Pods_Example.framework in Frameworks */ = {isa = PBXBuildFile; fileRef = 1E8B5C2564B566209C7B0F48 /* Pods_Example.framework */; };
		AF8E4D44C19A26DA64849BC1 /* Pods_HYPEnviromentSelector.framework in Frameworks */ = {isa = PBXBuildFile; fileRef = BC648620FED0EBE9309DB78B /* Pods_HYPEnviromentSelector.framework */; };
/* End PBXBuildFile section */

/* Begin PBXContainerItemProxy section */
		3F886695207F7500009760E3 /* PBXContainerItemProxy */ = {
			isa = PBXContainerItemProxy;
			containerPortal = 3F886638207F7317009760E3 /* Project object */;
			proxyType = 1;
			remoteGlobalIDString = 3F886640207F7317009760E3;
			remoteInfo = HYPEnviromentSelector;
		};
/* End PBXContainerItemProxy section */

/* Begin PBXCopyFilesBuildPhase section */
		3F886697207F7500009760E3 /* Embed Frameworks */ = {
			isa = PBXCopyFilesBuildPhase;
			buildActionMask = 2147483647;
			dstPath = "";
			dstSubfolderSpec = 10;
			files = (
				3F886694207F7500009760E3 /* HYPEnviromentSelector.framework in Embed Frameworks */,
			);
			name = "Embed Frameworks";
			runOnlyForDeploymentPostprocessing = 0;
		};
/* End PBXCopyFilesBuildPhase section */

/* Begin PBXFileReference section */
		1E8B5C2564B566209C7B0F48 /* Pods_Example.framework */ = {isa = PBXFileReference; explicitFileType = wrapper.framework; includeInIndex = 0; path = Pods_Example.framework; sourceTree = BUILT_PRODUCTS_DIR; };
		36EC2D7824E5F9823D947F2C /* Pods-Example.debug.xcconfig */ = {isa = PBXFileReference; includeInIndex = 1; lastKnownFileType = text.xcconfig; name = "Pods-Example.debug.xcconfig"; path = "Pods/Target Support Files/Pods-Example/Pods-Example.debug.xcconfig"; sourceTree = "<group>"; };
		3F886641207F7317009760E3 /* HYPEnviromentSelector.framework */ = {isa = PBXFileReference; explicitFileType = wrapper.framework; includeInIndex = 0; path = HYPEnviromentSelector.framework; sourceTree = BUILT_PRODUCTS_DIR; };
		3F886644207F7317009760E3 /* HYPEnviromentSelector.h */ = {isa = PBXFileReference; lastKnownFileType = sourcecode.c.h; path = HYPEnviromentSelector.h; sourceTree = "<group>"; };
		3F886645207F7317009760E3 /* Info.plist */ = {isa = PBXFileReference; lastKnownFileType = text.plist.xml; path = Info.plist; sourceTree = "<group>"; };
		3F88664C207F7358009760E3 /* HYPEnvironmentSelectorPluginModule.h */ = {isa = PBXFileReference; fileEncoding = 4; lastKnownFileType = sourcecode.c.h; path = HYPEnvironmentSelectorPluginModule.h; sourceTree = "<group>"; };
		3F88664D207F7359009760E3 /* HYPEnvironmentItemManage.h */ = {isa = PBXFileReference; fileEncoding = 4; lastKnownFileType = sourcecode.c.h; path = HYPEnvironmentItemManage.h; sourceTree = "<group>"; };
		3F88664E207F7359009760E3 /* HYPEnvironmentItemManage.m */ = {isa = PBXFileReference; fileEncoding = 4; lastKnownFileType = sourcecode.c.objc; path = HYPEnvironmentItemManage.m; sourceTree = "<group>"; };
		3F88664F207F7359009760E3 /* HYPEnvironmentSelectorPluginMenuItem.h */ = {isa = PBXFileReference; fileEncoding = 4; lastKnownFileType = sourcecode.c.h; path = HYPEnvironmentSelectorPluginMenuItem.h; sourceTree = "<group>"; };
		3F886650207F7359009760E3 /* HYPEnvironmentSelectorPluginMenuItem.m */ = {isa = PBXFileReference; fileEncoding = 4; lastKnownFileType = sourcecode.c.objc; path = HYPEnvironmentSelectorPluginMenuItem.m; sourceTree = "<group>"; };
		3F886651207F7359009760E3 /* HYPEnvironmentSelectorPluginModule.m */ = {isa = PBXFileReference; fileEncoding = 4; lastKnownFileType = sourcecode.c.objc; path = HYPEnvironmentSelectorPluginModule.m; sourceTree = "<group>"; };
		3F886652207F7359009760E3 /* HYPEnvironmentSelectorPlugin.m */ = {isa = PBXFileReference; fileEncoding = 4; lastKnownFileType = sourcecode.c.objc; path = HYPEnvironmentSelectorPlugin.m; sourceTree = "<group>"; };
		3F886653207F7359009760E3 /* HYPEnvironmentSelectorPlugin.h */ = {isa = PBXFileReference; fileEncoding = 4; lastKnownFileType = sourcecode.c.h; path = HYPEnvironmentSelectorPlugin.h; sourceTree = "<group>"; };
		3F88665D207F7366009760E3 /* env.png */ = {isa = PBXFileReference; lastKnownFileType = image.png; path = env.png; sourceTree = "<group>"; };
		3F88665E207F7366009760E3 /* env@2x.png */ = {isa = PBXFileReference; lastKnownFileType = image.png; path = "env@2x.png"; sourceTree = "<group>"; };
		3F88665F207F7366009760E3 /* env@3x.png */ = {isa = PBXFileReference; lastKnownFileType = image.png; path = "env@3x.png"; sourceTree = "<group>"; };
		3F886681207F7388009760E3 /* Example.app */ = {isa = PBXFileReference; explicitFileType = wrapper.application; includeInIndex = 0; path = Example.app; sourceTree = BUILT_PRODUCTS_DIR; };
		3F886683207F7388009760E3 /* AppDelegate.swift */ = {isa = PBXFileReference; lastKnownFileType = sourcecode.swift; path = AppDelegate.swift; sourceTree = "<group>"; };
		3F886685207F7388009760E3 /* ViewController.swift */ = {isa = PBXFileReference; lastKnownFileType = sourcecode.swift; path = ViewController.swift; sourceTree = "<group>"; };
		3F886688207F7388009760E3 /* Base */ = {isa = PBXFileReference; lastKnownFileType = file.storyboard; name = Base; path = Base.lproj/Main.storyboard; sourceTree = "<group>"; };
		3F88668A207F7389009760E3 /* Assets.xcassets */ = {isa = PBXFileReference; lastKnownFileType = folder.assetcatalog; path = Assets.xcassets; sourceTree = "<group>"; };
		3F88668D207F7389009760E3 /* Base */ = {isa = PBXFileReference; lastKnownFileType = file.storyboard; name = Base; path = Base.lproj/LaunchScreen.storyboard; sourceTree = "<group>"; };
		3F88668F207F7389009760E3 /* Info.plist */ = {isa = PBXFileReference; lastKnownFileType = text.plist.xml; path = Info.plist; sourceTree = "<group>"; };
		3FA8F1B720803B500015BEE0 /* HYPEnvironmentSelectorViewController.h */ = {isa = PBXFileReference; lastKnownFileType = sourcecode.c.h; path = HYPEnvironmentSelectorViewController.h; sourceTree = "<group>"; };
		3FA8F1B820803B500015BEE0 /* HYPEnvironmentSelectorViewController.m */ = {isa = PBXFileReference; lastKnownFileType = sourcecode.c.objc; path = HYPEnvironmentSelectorViewController.m; sourceTree = "<group>"; };
		3FA8F1C32080A4340015BEE0 /* HYPEnvironmentSelectorEditItemViewController.h */ = {isa = PBXFileReference; lastKnownFileType = sourcecode.c.h; path = HYPEnvironmentSelectorEditItemViewController.h; sourceTree = "<group>"; };
		3FA8F1C42080A4340015BEE0 /* HYPEnvironmentSelectorEditItemViewController.m */ = {isa = PBXFileReference; lastKnownFileType = sourcecode.c.objc; path = HYPEnvironmentSelectorEditItemViewController.m; sourceTree = "<group>"; };
		3FA8F1C72080A6720015BEE0 /* HYPEnvironmentInfoEditCell.h */ = {isa = PBXFileReference; lastKnownFileType = sourcecode.c.h; path = HYPEnvironmentInfoEditCell.h; sourceTree = "<group>"; };
		3FA8F1C82080A6720015BEE0 /* HYPEnvironmentInfoEditCell.m */ = {isa = PBXFileReference; lastKnownFileType = sourcecode.c.objc; path = HYPEnvironmentInfoEditCell.m; sourceTree = "<group>"; };
		3FA8F1CE20819DA90015BEE0 /* HYPEnvironmentInfoCell.h */ = {isa = PBXFileReference; lastKnownFileType = sourcecode.c.h; path = HYPEnvironmentInfoCell.h; sourceTree = "<group>"; };
		3FA8F1CF20819DA90015BEE0 /* HYPEnvironmentInfoCell.m */ = {isa = PBXFileReference; lastKnownFileType = sourcecode.c.objc; path = HYPEnvironmentInfoCell.m; sourceTree = "<group>"; };
		51E5801663D749F6E0CEBE4D /* Pods-Example.release.xcconfig */ = {isa = PBXFileReference; includeInIndex = 1; lastKnownFileType = text.xcconfig; name = "Pods-Example.release.xcconfig"; path = "Pods/Target Support Files/Pods-Example/Pods-Example.release.xcconfig"; sourceTree = "<group>"; };
		749E5AEB86A0DDA660D43A7F /* Pods-HYPEnviromentSelector.release.xcconfig */ = {isa = PBXFileReference; includeInIndex = 1; lastKnownFileType = text.xcconfig; name = "Pods-HYPEnviromentSelector.release.xcconfig"; path = "Pods/Target Support Files/Pods-HYPEnviromentSelector/Pods-HYPEnviromentSelector.release.xcconfig"; sourceTree = "<group>"; };
		BC648620FED0EBE9309DB78B /* Pods_HYPEnviromentSelector.framework */ = {isa = PBXFileReference; explicitFileType = wrapper.framework; includeInIndex = 0; path = Pods_HYPEnviromentSelector.framework; sourceTree = BUILT_PRODUCTS_DIR; };
		F86D4F820A8E710CA2E72A70 /* Pods-HYPEnviromentSelector.debug.xcconfig */ = {isa = PBXFileReference; includeInIndex = 1; lastKnownFileType = text.xcconfig; name = "Pods-HYPEnviromentSelector.debug.xcconfig"; path = "Pods/Target Support Files/Pods-HYPEnviromentSelector/Pods-HYPEnviromentSelector.debug.xcconfig"; sourceTree = "<group>"; };
/* End PBXFileReference section */

/* Begin PBXFrameworksBuildPhase section */
		3F88663D207F7317009760E3 /* Frameworks */ = {
			isa = PBXFrameworksBuildPhase;
			buildActionMask = 2147483647;
			files = (
				AF8E4D44C19A26DA64849BC1 /* Pods_HYPEnviromentSelector.framework in Frameworks */,
			);
			runOnlyForDeploymentPostprocessing = 0;
		};
		3F88667E207F7388009760E3 /* Frameworks */ = {
			isa = PBXFrameworksBuildPhase;
			buildActionMask = 2147483647;
			files = (
				3F886693207F7500009760E3 /* HYPEnviromentSelector.framework in Frameworks */,
				9EE5A05B87CFAF598939CEA4 /* Pods_Example.framework in Frameworks */,
			);
			runOnlyForDeploymentPostprocessing = 0;
		};
/* End PBXFrameworksBuildPhase section */

/* Begin PBXGroup section */
		3F886637207F7317009760E3 = {
			isa = PBXGroup;
			children = (
				3F886643207F7317009760E3 /* HYPEnviromentSelector */,
				3F886682207F7388009760E3 /* Example */,
				3F886642207F7317009760E3 /* Products */,
				4739C495600620D1E0B57456 /* Pods */,
				F68ED925A964252A2A681949 /* Frameworks */,
			);
			sourceTree = "<group>";
		};
		3F886642207F7317009760E3 /* Products */ = {
			isa = PBXGroup;
			children = (
				3F886641207F7317009760E3 /* HYPEnviromentSelector.framework */,
				3F886681207F7388009760E3 /* Example.app */,
			);
			name = Products;
			sourceTree = "<group>";
		};
		3F886643207F7317009760E3 /* HYPEnviromentSelector */ = {
			isa = PBXGroup;
			children = (
				3F886644207F7317009760E3 /* HYPEnviromentSelector.h */,
				3F886653207F7359009760E3 /* HYPEnvironmentSelectorPlugin.h */,
				3F886652207F7359009760E3 /* HYPEnvironmentSelectorPlugin.m */,
				3F88664C207F7358009760E3 /* HYPEnvironmentSelectorPluginModule.h */,
				3F886651207F7359009760E3 /* HYPEnvironmentSelectorPluginModule.m */,
				3F88664F207F7359009760E3 /* HYPEnvironmentSelectorPluginMenuItem.h */,
				3F886650207F7359009760E3 /* HYPEnvironmentSelectorPluginMenuItem.m */,
				3F88664D207F7359009760E3 /* HYPEnvironmentItemManage.h */,
				3F88664E207F7359009760E3 /* HYPEnvironmentItemManage.m */,
				3FA8F1B720803B500015BEE0 /* HYPEnvironmentSelectorViewController.h */,
				3FA8F1B820803B500015BEE0 /* HYPEnvironmentSelectorViewController.m */,
				3FA8F1CE20819DA90015BEE0 /* HYPEnvironmentInfoCell.h */,
				3FA8F1CF20819DA90015BEE0 /* HYPEnvironmentInfoCell.m */,
				3FA8F1C32080A4340015BEE0 /* HYPEnvironmentSelectorEditItemViewController.h */,
				3FA8F1C42080A4340015BEE0 /* HYPEnvironmentSelectorEditItemViewController.m */,
				3FA8F1C72080A6720015BEE0 /* HYPEnvironmentInfoEditCell.h */,
				3FA8F1C82080A6720015BEE0 /* HYPEnvironmentInfoEditCell.m */,
				3F886645207F7317009760E3 /* Info.plist */,
				3F88665C207F7366009760E3 /* Resources */,
			);
			path = HYPEnviromentSelector;
			sourceTree = "<group>";
		};
		3F88665C207F7366009760E3 /* Resources */ = {
			isa = PBXGroup;
			children = (
				3F88665D207F7366009760E3 /* env.png */,
				3F88665E207F7366009760E3 /* env@2x.png */,
				3F88665F207F7366009760E3 /* env@3x.png */,
			);
			path = Resources;
			sourceTree = "<group>";
		};
		3F886682207F7388009760E3 /* Example */ = {
			isa = PBXGroup;
			children = (
				3F886683207F7388009760E3 /* AppDelegate.swift */,
				3F886685207F7388009760E3 /* ViewController.swift */,
				3F886687207F7388009760E3 /* Main.storyboard */,
				3F88668A207F7389009760E3 /* Assets.xcassets */,
				3F88668C207F7389009760E3 /* LaunchScreen.storyboard */,
				3F88668F207F7389009760E3 /* Info.plist */,
			);
			path = Example;
			sourceTree = "<group>";
		};
		4739C495600620D1E0B57456 /* Pods */ = {
			isa = PBXGroup;
			children = (
				F86D4F820A8E710CA2E72A70 /* Pods-HYPEnviromentSelector.debug.xcconfig */,
				749E5AEB86A0DDA660D43A7F /* Pods-HYPEnviromentSelector.release.xcconfig */,
				36EC2D7824E5F9823D947F2C /* Pods-Example.debug.xcconfig */,
				51E5801663D749F6E0CEBE4D /* Pods-Example.release.xcconfig */,
			);
			name = Pods;
			sourceTree = "<group>";
		};
		F68ED925A964252A2A681949 /* Frameworks */ = {
			isa = PBXGroup;
			children = (
				1E8B5C2564B566209C7B0F48 /* Pods_Example.framework */,
				BC648620FED0EBE9309DB78B /* Pods_HYPEnviromentSelector.framework */,
			);
			name = Frameworks;
			sourceTree = "<group>";
		};
/* End PBXGroup section */

/* Begin PBXHeadersBuildPhase section */
		3F88663E207F7317009760E3 /* Headers */ = {
			isa = PBXHeadersBuildPhase;
			buildActionMask = 2147483647;
			files = (
				3F886646207F7317009760E3 /* HYPEnviromentSelector.h in Headers */,
				3F88665B207F735A009760E3 /* HYPEnvironmentSelectorPlugin.h in Headers */,
				3F886654207F735A009760E3 /* HYPEnvironmentSelectorPluginModule.h in Headers */,
				3F886657207F735A009760E3 /* HYPEnvironmentSelectorPluginMenuItem.h in Headers */,
				3F886655207F735A009760E3 /* HYPEnvironmentItemManage.h in Headers */,
				3FA8F1B920803B500015BEE0 /* HYPEnvironmentSelectorViewController.h in Headers */,
				3FA8F1C52080A4340015BEE0 /* HYPEnvironmentSelectorEditItemViewController.h in Headers */,
				3FA8F1D020819DA90015BEE0 /* HYPEnvironmentInfoCell.h in Headers */,
				3FA8F1C92080A6720015BEE0 /* HYPEnvironmentInfoEditCell.h in Headers */,
			);
			runOnlyForDeploymentPostprocessing = 0;
		};
/* End PBXHeadersBuildPhase section */

/* Begin PBXNativeTarget section */
		3F886640207F7317009760E3 /* HYPEnviromentSelector */ = {
			isa = PBXNativeTarget;
			buildConfigurationList = 3F886649207F7317009760E3 /* Build configuration list for PBXNativeTarget "HYPEnviromentSelector" */;
			buildPhases = (
				988A4EF38E927DC3C6AE5890 /* [CP] Check Pods Manifest.lock */,
				3F88663C207F7317009760E3 /* Sources */,
				3F88663D207F7317009760E3 /* Frameworks */,
				3F88663E207F7317009760E3 /* Headers */,
				3F88663F207F7317009760E3 /* Resources */,
				17C4E41C201DB7C6EF046666 /* [CP] Copy Pods Resources */,
			);
			buildRules = (
			);
			dependencies = (
			);
			name = HYPEnviromentSelector;
			productName = HYPEnviromentSelector;
			productReference = 3F886641207F7317009760E3 /* HYPEnviromentSelector.framework */;
			productType = "com.apple.product-type.framework";
		};
		3F886680207F7388009760E3 /* Example */ = {
			isa = PBXNativeTarget;
			buildConfigurationList = 3F886690207F7389009760E3 /* Build configuration list for PBXNativeTarget "Example" */;
			buildPhases = (
				1787FD9BCFCC50EE49C64CF0 /* [CP] Check Pods Manifest.lock */,
				3F88667D207F7388009760E3 /* Sources */,
				3F88667E207F7388009760E3 /* Frameworks */,
				3F88667F207F7388009760E3 /* Resources */,
				3F886697207F7500009760E3 /* Embed Frameworks */,
				7398F463DDE979D09F5DD73D /* [CP] Embed Pods Frameworks */,
				DC0049E551F475F89775E3CA /* [CP] Copy Pods Resources */,
			);
			buildRules = (
			);
			dependencies = (
				3F886696207F7500009760E3 /* PBXTargetDependency */,
			);
			name = Example;
			productName = Example;
			productReference = 3F886681207F7388009760E3 /* Example.app */;
			productType = "com.apple.product-type.application";
		};
/* End PBXNativeTarget section */

/* Begin PBXProject section */
		3F886638207F7317009760E3 /* Project object */ = {
			isa = PBXProject;
			attributes = {
				LastSwiftUpdateCheck = 0930;
				LastUpgradeCheck = 0930;
				ORGANIZATIONNAME = TBD;
				TargetAttributes = {
					3F886640207F7317009760E3 = {
						CreatedOnToolsVersion = 9.3;
					};
					3F886680207F7388009760E3 = {
						CreatedOnToolsVersion = 9.3;
					};
				};
			};
			buildConfigurationList = 3F88663B207F7317009760E3 /* Build configuration list for PBXProject "HYPEnviromentSelector" */;
			compatibilityVersion = "Xcode 9.3";
			developmentRegion = en;
			hasScannedForEncodings = 0;
			knownRegions = (
				en,
				Base,
			);
			mainGroup = 3F886637207F7317009760E3;
			productRefGroup = 3F886642207F7317009760E3 /* Products */;
			projectDirPath = "";
			projectRoot = "";
			targets = (
				3F886640207F7317009760E3 /* HYPEnviromentSelector */,
				3F886680207F7388009760E3 /* Example */,
			);
		};
/* End PBXProject section */

/* Begin PBXResourcesBuildPhase section */
		3F88663F207F7317009760E3 /* Resources */ = {
			isa = PBXResourcesBuildPhase;
			buildActionMask = 2147483647;
			files = (
				3F886662207F7366009760E3 /* env@3x.png in Resources */,
				3F886661207F7366009760E3 /* env@2x.png in Resources */,
				3F886660207F7366009760E3 /* env.png in Resources */,
			);
			runOnlyForDeploymentPostprocessing = 0;
		};
		3F88667F207F7388009760E3 /* Resources */ = {
			isa = PBXResourcesBuildPhase;
			buildActionMask = 2147483647;
			files = (
				3F88668E207F7389009760E3 /* LaunchScreen.storyboard in Resources */,
				3F88668B207F7389009760E3 /* Assets.xcassets in Resources */,
				3F886689207F7388009760E3 /* Main.storyboard in Resources */,
			);
			runOnlyForDeploymentPostprocessing = 0;
		};
/* End PBXResourcesBuildPhase section */

/* Begin PBXShellScriptBuildPhase section */
		1787FD9BCFCC50EE49C64CF0 /* [CP] Check Pods Manifest.lock */ = {
			isa = PBXShellScriptBuildPhase;
			buildActionMask = 2147483647;
			files = (
			);
			inputPaths = (
				"${PODS_PODFILE_DIR_PATH}/Podfile.lock",
				"${PODS_ROOT}/Manifest.lock",
			);
			name = "[CP] Check Pods Manifest.lock";
			outputPaths = (
				"$(DERIVED_FILE_DIR)/Pods-Example-checkManifestLockResult.txt",
			);
			runOnlyForDeploymentPostprocessing = 0;
			shellPath = /bin/sh;
			shellScript = "diff \"${PODS_PODFILE_DIR_PATH}/Podfile.lock\" \"${PODS_ROOT}/Manifest.lock\" > /dev/null\nif [ $? != 0 ] ; then\n    # print error to STDERR\n    echo \"error: The sandbox is not in sync with the Podfile.lock. Run 'pod install' or update your CocoaPods installation.\" >&2\n    exit 1\nfi\n# This output is used by Xcode 'outputs' to avoid re-running this script phase.\necho \"SUCCESS\" > \"${SCRIPT_OUTPUT_FILE_0}\"\n";
			showEnvVarsInLog = 0;
		};
		17C4E41C201DB7C6EF046666 /* [CP] Copy Pods Resources */ = {
			isa = PBXShellScriptBuildPhase;
			buildActionMask = 2147483647;
			files = (
			);
			inputPaths = (
			);
			name = "[CP] Copy Pods Resources";
			outputPaths = (
			);
			runOnlyForDeploymentPostprocessing = 0;
			shellPath = /bin/sh;
			shellScript = "\"${SRCROOT}/Pods/Target Support Files/Pods-HYPEnviromentSelector/Pods-HYPEnviromentSelector-resources.sh\"\n";
			showEnvVarsInLog = 0;
		};
		7398F463DDE979D09F5DD73D /* [CP] Embed Pods Frameworks */ = {
			isa = PBXShellScriptBuildPhase;
			buildActionMask = 2147483647;
			files = (
			);
			inputPaths = (
				"${SRCROOT}/Pods/Target Support Files/Pods-Example/Pods-Example-frameworks.sh",
				"${BUILT_PRODUCTS_DIR}/HyperioniOS/HyperioniOS.framework",
			);
			name = "[CP] Embed Pods Frameworks";
			outputPaths = (
				"${TARGET_BUILD_DIR}/${FRAMEWORKS_FOLDER_PATH}/HyperioniOS.framework",
			);
			runOnlyForDeploymentPostprocessing = 0;
			shellPath = /bin/sh;
			shellScript = "\"${SRCROOT}/Pods/Target Support Files/Pods-Example/Pods-Example-frameworks.sh\"\n";
			showEnvVarsInLog = 0;
		};
		988A4EF38E927DC3C6AE5890 /* [CP] Check Pods Manifest.lock */ = {
			isa = PBXShellScriptBuildPhase;
			buildActionMask = 2147483647;
			files = (
			);
			inputPaths = (
				"${PODS_PODFILE_DIR_PATH}/Podfile.lock",
				"${PODS_ROOT}/Manifest.lock",
			);
			name = "[CP] Check Pods Manifest.lock";
			outputPaths = (
				"$(DERIVED_FILE_DIR)/Pods-HYPEnviromentSelector-checkManifestLockResult.txt",
			);
			runOnlyForDeploymentPostprocessing = 0;
			shellPath = /bin/sh;
			shellScript = "diff \"${PODS_PODFILE_DIR_PATH}/Podfile.lock\" \"${PODS_ROOT}/Manifest.lock\" > /dev/null\nif [ $? != 0 ] ; then\n    # print error to STDERR\n    echo \"error: The sandbox is not in sync with the Podfile.lock. Run 'pod install' or update your CocoaPods installation.\" >&2\n    exit 1\nfi\n# This output is used by Xcode 'outputs' to avoid re-running this script phase.\necho \"SUCCESS\" > \"${SCRIPT_OUTPUT_FILE_0}\"\n";
			showEnvVarsInLog = 0;
		};
		DC0049E551F475F89775E3CA /* [CP] Copy Pods Resources */ = {
			isa = PBXShellScriptBuildPhase;
			buildActionMask = 2147483647;
			files = (
			);
			inputPaths = (
			);
			name = "[CP] Copy Pods Resources";
			outputPaths = (
			);
			runOnlyForDeploymentPostprocessing = 0;
			shellPath = /bin/sh;
			shellScript = "\"${SRCROOT}/Pods/Target Support Files/Pods-Example/Pods-Example-resources.sh\"\n";
			showEnvVarsInLog = 0;
		};
/* End PBXShellScriptBuildPhase section */

/* Begin PBXSourcesBuildPhase section */
		3F88663C207F7317009760E3 /* Sources */ = {
			isa = PBXSourcesBuildPhase;
			buildActionMask = 2147483647;
			files = (
				3FA8F1C62080A4340015BEE0 /* HYPEnvironmentSelectorEditItemViewController.m in Sources */,
				3FA8F1BA20803B500015BEE0 /* HYPEnvironmentSelectorViewController.m in Sources */,
				3F886656207F735A009760E3 /* HYPEnvironmentItemManage.m in Sources */,
				3FA8F1CA2080A6720015BEE0 /* HYPEnvironmentInfoEditCell.m in Sources */,
				3F886659207F735A009760E3 /* HYPEnvironmentSelectorPluginModule.m in Sources */,
				3FA8F1D120819DA90015BEE0 /* HYPEnvironmentInfoCell.m in Sources */,
				3F886658207F735A009760E3 /* HYPEnvironmentSelectorPluginMenuItem.m in Sources */,
				3F88665A207F735A009760E3 /* HYPEnvironmentSelectorPlugin.m in Sources */,
			);
			runOnlyForDeploymentPostprocessing = 0;
		};
		3F88667D207F7388009760E3 /* Sources */ = {
			isa = PBXSourcesBuildPhase;
			buildActionMask = 2147483647;
			files = (
				3F886686207F7388009760E3 /* ViewController.swift in Sources */,
				3F886684207F7388009760E3 /* AppDelegate.swift in Sources */,
			);
			runOnlyForDeploymentPostprocessing = 0;
		};
/* End PBXSourcesBuildPhase section */

/* Begin PBXTargetDependency section */
		3F886696207F7500009760E3 /* PBXTargetDependency */ = {
			isa = PBXTargetDependency;
			target = 3F886640207F7317009760E3 /* HYPEnviromentSelector */;
			targetProxy = 3F886695207F7500009760E3 /* PBXContainerItemProxy */;
		};
/* End PBXTargetDependency section */

/* Begin PBXVariantGroup section */
		3F886687207F7388009760E3 /* Main.storyboard */ = {
			isa = PBXVariantGroup;
			children = (
				3F886688207F7388009760E3 /* Base */,
			);
			name = Main.storyboard;
			sourceTree = "<group>";
		};
		3F88668C207F7389009760E3 /* LaunchScreen.storyboard */ = {
			isa = PBXVariantGroup;
			children = (
				3F88668D207F7389009760E3 /* Base */,
			);
			name = LaunchScreen.storyboard;
			sourceTree = "<group>";
		};
/* End PBXVariantGroup section */

/* Begin XCBuildConfiguration section */
		3F886647207F7317009760E3 /* Debug */ = {
			isa = XCBuildConfiguration;
			buildSettings = {
				ALWAYS_SEARCH_USER_PATHS = NO;
				CLANG_ANALYZER_NONNULL = YES;
				CLANG_ANALYZER_NUMBER_OBJECT_CONVERSION = YES_AGGRESSIVE;
				CLANG_CXX_LANGUAGE_STANDARD = "gnu++14";
				CLANG_CXX_LIBRARY = "libc++";
				CLANG_ENABLE_MODULES = YES;
				CLANG_ENABLE_OBJC_ARC = YES;
				CLANG_ENABLE_OBJC_WEAK = YES;
				CLANG_WARN_BLOCK_CAPTURE_AUTORELEASING = YES;
				CLANG_WARN_BOOL_CONVERSION = YES;
				CLANG_WARN_COMMA = YES;
				CLANG_WARN_CONSTANT_CONVERSION = YES;
				CLANG_WARN_DEPRECATED_OBJC_IMPLEMENTATIONS = YES;
				CLANG_WARN_DIRECT_OBJC_ISA_USAGE = YES_ERROR;
				CLANG_WARN_DOCUMENTATION_COMMENTS = YES;
				CLANG_WARN_EMPTY_BODY = YES;
				CLANG_WARN_ENUM_CONVERSION = YES;
				CLANG_WARN_INFINITE_RECURSION = YES;
				CLANG_WARN_INT_CONVERSION = YES;
				CLANG_WARN_NON_LITERAL_NULL_CONVERSION = YES;
				CLANG_WARN_OBJC_IMPLICIT_RETAIN_SELF = YES;
				CLANG_WARN_OBJC_LITERAL_CONVERSION = YES;
				CLANG_WARN_OBJC_ROOT_CLASS = YES_ERROR;
				CLANG_WARN_RANGE_LOOP_ANALYSIS = YES;
				CLANG_WARN_STRICT_PROTOTYPES = YES;
				CLANG_WARN_SUSPICIOUS_MOVE = YES;
				CLANG_WARN_UNGUARDED_AVAILABILITY = YES_AGGRESSIVE;
				CLANG_WARN_UNREACHABLE_CODE = YES;
				CLANG_WARN__DUPLICATE_METHOD_MATCH = YES;
				CODE_SIGN_IDENTITY = "iPhone Developer";
				COPY_PHASE_STRIP = NO;
				CURRENT_PROJECT_VERSION = 1;
				DEBUG_INFORMATION_FORMAT = dwarf;
				ENABLE_STRICT_OBJC_MSGSEND = YES;
				ENABLE_TESTABILITY = YES;
				GCC_C_LANGUAGE_STANDARD = gnu11;
				GCC_DYNAMIC_NO_PIC = NO;
				GCC_NO_COMMON_BLOCKS = YES;
				GCC_OPTIMIZATION_LEVEL = 0;
				GCC_PREPROCESSOR_DEFINITIONS = (
					"DEBUG=1",
					"$(inherited)",
				);
				GCC_WARN_64_TO_32_BIT_CONVERSION = YES;
				GCC_WARN_ABOUT_RETURN_TYPE = YES_ERROR;
				GCC_WARN_UNDECLARED_SELECTOR = YES;
				GCC_WARN_UNINITIALIZED_AUTOS = YES_AGGRESSIVE;
				GCC_WARN_UNUSED_FUNCTION = YES;
				GCC_WARN_UNUSED_VARIABLE = YES;
				IPHONEOS_DEPLOYMENT_TARGET = 11.3;
				MTL_ENABLE_DEBUG_INFO = YES;
				ONLY_ACTIVE_ARCH = YES;
				SDKROOT = iphoneos;
				VERSIONING_SYSTEM = "apple-generic";
				VERSION_INFO_PREFIX = "";
			};
			name = Debug;
		};
		3F886648207F7317009760E3 /* Release */ = {
			isa = XCBuildConfiguration;
			buildSettings = {
				ALWAYS_SEARCH_USER_PATHS = NO;
				CLANG_ANALYZER_NONNULL = YES;
				CLANG_ANALYZER_NUMBER_OBJECT_CONVERSION = YES_AGGRESSIVE;
				CLANG_CXX_LANGUAGE_STANDARD = "gnu++14";
				CLANG_CXX_LIBRARY = "libc++";
				CLANG_ENABLE_MODULES = YES;
				CLANG_ENABLE_OBJC_ARC = YES;
				CLANG_ENABLE_OBJC_WEAK = YES;
				CLANG_WARN_BLOCK_CAPTURE_AUTORELEASING = YES;
				CLANG_WARN_BOOL_CONVERSION = YES;
				CLANG_WARN_COMMA = YES;
				CLANG_WARN_CONSTANT_CONVERSION = YES;
				CLANG_WARN_DEPRECATED_OBJC_IMPLEMENTATIONS = YES;
				CLANG_WARN_DIRECT_OBJC_ISA_USAGE = YES_ERROR;
				CLANG_WARN_DOCUMENTATION_COMMENTS = YES;
				CLANG_WARN_EMPTY_BODY = YES;
				CLANG_WARN_ENUM_CONVERSION = YES;
				CLANG_WARN_INFINITE_RECURSION = YES;
				CLANG_WARN_INT_CONVERSION = YES;
				CLANG_WARN_NON_LITERAL_NULL_CONVERSION = YES;
				CLANG_WARN_OBJC_IMPLICIT_RETAIN_SELF = YES;
				CLANG_WARN_OBJC_LITERAL_CONVERSION = YES;
				CLANG_WARN_OBJC_ROOT_CLASS = YES_ERROR;
				CLANG_WARN_RANGE_LOOP_ANALYSIS = YES;
				CLANG_WARN_STRICT_PROTOTYPES = YES;
				CLANG_WARN_SUSPICIOUS_MOVE = YES;
				CLANG_WARN_UNGUARDED_AVAILABILITY = YES_AGGRESSIVE;
				CLANG_WARN_UNREACHABLE_CODE = YES;
				CLANG_WARN__DUPLICATE_METHOD_MATCH = YES;
				CODE_SIGN_IDENTITY = "iPhone Developer";
				COPY_PHASE_STRIP = NO;
				CURRENT_PROJECT_VERSION = 1;
				DEBUG_INFORMATION_FORMAT = "dwarf-with-dsym";
				ENABLE_NS_ASSERTIONS = NO;
				ENABLE_STRICT_OBJC_MSGSEND = YES;
				GCC_C_LANGUAGE_STANDARD = gnu11;
				GCC_NO_COMMON_BLOCKS = YES;
				GCC_WARN_64_TO_32_BIT_CONVERSION = YES;
				GCC_WARN_ABOUT_RETURN_TYPE = YES_ERROR;
				GCC_WARN_UNDECLARED_SELECTOR = YES;
				GCC_WARN_UNINITIALIZED_AUTOS = YES_AGGRESSIVE;
				GCC_WARN_UNUSED_FUNCTION = YES;
				GCC_WARN_UNUSED_VARIABLE = YES;
				IPHONEOS_DEPLOYMENT_TARGET = 11.3;
				MTL_ENABLE_DEBUG_INFO = NO;
				SDKROOT = iphoneos;
				VALIDATE_PRODUCT = YES;
				VERSIONING_SYSTEM = "apple-generic";
				VERSION_INFO_PREFIX = "";
			};
			name = Release;
		};
		3F88664A207F7317009760E3 /* Debug */ = {
			isa = XCBuildConfiguration;
			baseConfigurationReference = F86D4F820A8E710CA2E72A70 /* Pods-HYPEnviromentSelector.debug.xcconfig */;
			buildSettings = {
				CODE_SIGN_IDENTITY = "";
				CODE_SIGN_STYLE = Automatic;
				DEFINES_MODULE = YES;
				DEVELOPMENT_TEAM = TS9WTSBK78;
				DYLIB_COMPATIBILITY_VERSION = 1;
				DYLIB_CURRENT_VERSION = 1;
				DYLIB_INSTALL_NAME_BASE = "@rpath";
				INFOPLIST_FILE = HYPEnviromentSelector/Info.plist;
				INSTALL_PATH = "$(LOCAL_LIBRARY_DIR)/Frameworks";
				LD_RUNPATH_SEARCH_PATHS = (
					"$(inherited)",
					"@executable_path/Frameworks",
					"@loader_path/Frameworks",
				);
				PRODUCT_BUNDLE_IDENTIFIER = tbd.tech.HYPEnviromentSelector;
				PRODUCT_NAME = "$(TARGET_NAME:c99extidentifier)";
				SKIP_INSTALL = YES;
				TARGETED_DEVICE_FAMILY = "1,2";
			};
			name = Debug;
		};
		3F88664B207F7317009760E3 /* Release */ = {
			isa = XCBuildConfiguration;
			baseConfigurationReference = 749E5AEB86A0DDA660D43A7F /* Pods-HYPEnviromentSelector.release.xcconfig */;
			buildSettings = {
				CODE_SIGN_IDENTITY = "";
				CODE_SIGN_STYLE = Automatic;
				DEFINES_MODULE = YES;
				DEVELOPMENT_TEAM = TS9WTSBK78;
				DYLIB_COMPATIBILITY_VERSION = 1;
				DYLIB_CURRENT_VERSION = 1;
				DYLIB_INSTALL_NAME_BASE = "@rpath";
				INFOPLIST_FILE = HYPEnviromentSelector/Info.plist;
				INSTALL_PATH = "$(LOCAL_LIBRARY_DIR)/Frameworks";
				LD_RUNPATH_SEARCH_PATHS = (
					"$(inherited)",
					"@executable_path/Frameworks",
					"@loader_path/Frameworks",
				);
				PRODUCT_BUNDLE_IDENTIFIER = tbd.tech.HYPEnviromentSelector;
				PRODUCT_NAME = "$(TARGET_NAME:c99extidentifier)";
				SKIP_INSTALL = YES;
				TARGETED_DEVICE_FAMILY = "1,2";
			};
			name = Release;
		};
		3F886691207F7389009760E3 /* Debug */ = {
			isa = XCBuildConfiguration;
			baseConfigurationReference = 36EC2D7824E5F9823D947F2C /* Pods-Example.debug.xcconfig */;
			buildSettings = {
				ASSETCATALOG_COMPILER_APPICON_NAME = AppIcon;
				CODE_SIGN_STYLE = Automatic;
				DEVELOPMENT_TEAM = TS9WTSBK78;
				INFOPLIST_FILE = Example/Info.plist;
				LD_RUNPATH_SEARCH_PATHS = (
					"$(inherited)",
					"@executable_path/Frameworks",
				);
				PRODUCT_BUNDLE_IDENTIFIER = tbd.tech.Example;
				PRODUCT_NAME = "$(TARGET_NAME)";
				SWIFT_ACTIVE_COMPILATION_CONDITIONS = DEBUG;
				SWIFT_OPTIMIZATION_LEVEL = "-Onone";
				SWIFT_VERSION = 4.0;
				TARGETED_DEVICE_FAMILY = "1,2";
			};
			name = Debug;
		};
		3F886692207F7389009760E3 /* Release */ = {
			isa = XCBuildConfiguration;
			baseConfigurationReference = 51E5801663D749F6E0CEBE4D /* Pods-Example.release.xcconfig */;
			buildSettings = {
				ASSETCATALOG_COMPILER_APPICON_NAME = AppIcon;
				CODE_SIGN_STYLE = Automatic;
				DEVELOPMENT_TEAM = TS9WTSBK78;
				INFOPLIST_FILE = Example/Info.plist;
				LD_RUNPATH_SEARCH_PATHS = (
					"$(inherited)",
					"@executable_path/Frameworks",
				);
				PRODUCT_BUNDLE_IDENTIFIER = tbd.tech.Example;
				PRODUCT_NAME = "$(TARGET_NAME)";
				SWIFT_COMPILATION_MODE = wholemodule;
				SWIFT_OPTIMIZATION_LEVEL = "-O";
				SWIFT_VERSION = 4.0;
				TARGETED_DEVICE_FAMILY = "1,2";
			};
			name = Release;
		};
/* End XCBuildConfiguration section */

/* Begin XCConfigurationList section */
		3F88663B207F7317009760E3 /* Build configuration list for PBXProject "HYPEnviromentSelector" */ = {
			isa = XCConfigurationList;
			buildConfigurations = (
				3F886647207F7317009760E3 /* Debug */,
				3F886648207F7317009760E3 /* Release */,
			);
			defaultConfigurationIsVisible = 0;
			defaultConfigurationName = Release;
		};
		3F886649207F7317009760E3 /* Build configuration list for PBXNativeTarget "HYPEnviromentSelector" */ = {
			isa = XCConfigurationList;
			buildConfigurations = (
				3F88664A207F7317009760E3 /* Debug */,
				3F88664B207F7317009760E3 /* Release */,
			);
			defaultConfigurationIsVisible = 0;
			defaultConfigurationName = Release;
		};
		3F886690207F7389009760E3 /* Build configuration list for PBXNativeTarget "Example" */ = {
			isa = XCConfigurationList;
			buildConfigurations = (
				3F886691207F7389009760E3 /* Debug */,
				3F886692207F7389009760E3 /* Release */,
			);
			defaultConfigurationIsVisible = 0;
			defaultConfigurationName = Release;
		};
/* End XCConfigurationList section */
	};
	rootObject = 3F886638207F7317009760E3 /* Project object */;
}
