PODS:
  - HyperioniOS/Core (1.0.2)
  - HyperioniOSExtension/HYPEnvironmentSelector (1.0.0):
    - HyperioniOS/Core (~> 1.0)
  - HyperioniOSExtension/HYPFPSMonitor (1.0.0):
    - HyperioniOS/Core (~> 1.0)
  - HyperioniOSExtension/HYPUIMainThreadChecker (1.0.0):
    - HyperioniOS/Core (~> 1.0)

DEPENDENCIES:
  - HyperioniOSExtension/HYPEnvironmentSelector (from `../`)
  - HyperioniOSExtension/HYPFPSMonitor (from `../`)
  - HyperioniOSExtension/HYPUIMainThreadChecker (from `../`)

SPEC REPOS:
  https://github.com/CocoaPods/Specs.git:
    - HyperioniOS

EXTERNAL SOURCES:
  HyperioniOSExtension:
    :path: "../"

SPEC CHECKSUMS:
  HyperioniOS: 2397937925b2d57ec28182ac979879b0da2658ee
  HyperioniOSExtension: 8c3aecaa83594ccf65b78c2dafd56972e702427c

PODFILE CHECKSUM: 4d48e9a71ca0a08ab88d4eda4a2b286f6c97d7e7

COCOAPODS: 1.5.0
