PODS:
  - HyperioniOSExtension/EnvironmentSelector (1.1.0)
  - HyperioniOSExtension/FPSMonitor (1.1.0)
  - HyperioniOSExtension/UIMainThreadChecker (1.1.0)

DEPENDENCIES:
  - HyperioniOSExtension/EnvironmentSelector (from `../`)
  - HyperioniOSExtension/FPSMonitor (from `../`)
  - HyperioniOSExtension/UIMainThreadChecker (from `../`)

EXTERNAL SOURCES:
  HyperioniOSExtension:
    :path: "../"

SPEC CHECKSUMS:
  HyperioniOSExtension: 0e0ebef0db4569608501d4e99a45fc6c1947d6a5

PODFILE CHECKSUM: 57a5000da34c3af9c824c62539891c614d389ea5

COCOAPODS: 1.5.2
